// !$*UTF8*$!
{
	archiveVersion = 1;
	classes = {
	};
	objectVersion = 46;
	objects = {

/* Begin PBXBuildFile section */
		549A3862558934BFB14CB7D8 /* libPods.a in Frameworks */ = {isa = PBXBuildFile; fileRef = A1E6E485A1614191B1252761 /* libPods.a */; };
		D909A3B21D7D4F7C00D4784A /* Constants.swift in Sources */ = {isa = PBXBuildFile; fileRef = D909A3B11D7D4F7C00D4784A /* Constants.swift */; };
		D909A3B61D7D5D3700D4784A /* WXUserLoginViewController.swift in Sources */ = {isa = PBXBuildFile; fileRef = D909A3B41D7D5D3700D4784A /* WXUserLoginViewController.swift */; };
		D909A3B71D7D5D3700D4784A /* WXUserLoginViewController.xib in Resources */ = {isa = PBXBuildFile; fileRef = D909A3B51D7D5D3700D4784A /* WXUserLoginViewController.xib */; };
		D909A3BC1D7D5DAE00D4784A /* WXUserSignupViewController.swift in Sources */ = {isa = PBXBuildFile; fileRef = D909A3BA1D7D5DAE00D4784A /* WXUserSignupViewController.swift */; };
		D909A3BD1D7D5DAE00D4784A /* WXUserSignupViewController.xib in Resources */ = {isa = PBXBuildFile; fileRef = D909A3BB1D7D5DAE00D4784A /* WXUserSignupViewController.xib */; };
		D909A3C01D7D5E9B00D4784A /* WXInviteCodeViewController.swift in Sources */ = {isa = PBXBuildFile; fileRef = D909A3BE1D7D5E9B00D4784A /* WXInviteCodeViewController.swift */; };
		D909A3C11D7D5E9B00D4784A /* WXInviteCodeViewController.xib in Resources */ = {isa = PBXBuildFile; fileRef = D909A3BF1D7D5E9B00D4784A /* WXInviteCodeViewController.xib */; };
		D909A3CB1D7E69F100D4784A /* AutoSlideScrollView.m in Sources */ = {isa = PBXBuildFile; fileRef = D909A3C41D7E69F100D4784A /* AutoSlideScrollView.m */; };
		D909A3CC1D7E69F100D4784A /* MyPageControl.m in Sources */ = {isa = PBXBuildFile; fileRef = D909A3C61D7E69F100D4784A /* MyPageControl.m */; };
		D909A3CD1D7E69F100D4784A /* NSTimer+Addition.m in Sources */ = {isa = PBXBuildFile; fileRef = D909A3C81D7E69F100D4784A /* NSTimer+Addition.m */; };
		D909A3CE1D7E69F100D4784A /* AutoSlideScrollView.bundle in Resources */ = {isa = PBXBuildFile; fileRef = D909A3CA1D7E69F100D4784A /* AutoSlideScrollView.bundle */; };
		D909A3D11D7E708A00D4784A /* Main.storyboard in Resources */ = {isa = PBXBuildFile; fileRef = D909A3CF1D7E708A00D4784A /* Main.storyboard */; };
		D909A3D41D7E960800D4784A /* WXCheckUserPhoneViewController.swift in Sources */ = {isa = PBXBuildFile; fileRef = D909A3D21D7E960800D4784A /* WXCheckUserPhoneViewController.swift */; };
		D909A3D51D7E960800D4784A /* WXCheckUserPhoneViewController.xib in Resources */ = {isa = PBXBuildFile; fileRef = D909A3D31D7E960800D4784A /* WXCheckUserPhoneViewController.xib */; };
		D909A3D91D7EB51D00D4784A /* WXMineRootViewController.swift in Sources */ = {isa = PBXBuildFile; fileRef = D909A3D71D7EB51D00D4784A /* WXMineRootViewController.swift */; };
		D909A3DA1D7EB51D00D4784A /* WXMineRootViewController.xib in Resources */ = {isa = PBXBuildFile; fileRef = D909A3D81D7EB51D00D4784A /* WXMineRootViewController.xib */; };
		D909A3DD1D7ED27D00D4784A /* WXMineHomeTableViewCell.swift in Sources */ = {isa = PBXBuildFile; fileRef = D909A3DB1D7ED27D00D4784A /* WXMineHomeTableViewCell.swift */; };
		D909A3DE1D7ED27D00D4784A /* WXMineHomeTableViewCell.xib in Resources */ = {isa = PBXBuildFile; fileRef = D909A3DC1D7ED27D00D4784A /* WXMineHomeTableViewCell.xib */; };
		D909A3E21D7EDA1F00D4784A /* WXUserInvestRecordViewController.swift in Sources */ = {isa = PBXBuildFile; fileRef = D909A3E01D7EDA1F00D4784A /* WXUserInvestRecordViewController.swift */; };
		D909A3E31D7EDA1F00D4784A /* WXUserInvestRecordViewController.xib in Resources */ = {isa = PBXBuildFile; fileRef = D909A3E11D7EDA1F00D4784A /* WXUserInvestRecordViewController.xib */; };
		D909A3E71D7EDEAF00D4784A /* WXUserFundsTrusteeshipInfoViewController.swift in Sources */ = {isa = PBXBuildFile; fileRef = D909A3E51D7EDEAF00D4784A /* WXUserFundsTrusteeshipInfoViewController.swift */; };
		D909A3E81D7EDEAF00D4784A /* WXUserFundsTrusteeshipInfoViewController.xib in Resources */ = {isa = PBXBuildFile; fileRef = D909A3E61D7EDEAF00D4784A /* WXUserFundsTrusteeshipInfoViewController.xib */; };
		D909A3EB1D7FBCA900D4784A /* WXUserInvestRecordTableViewCell.swift in Sources */ = {isa = PBXBuildFile; fileRef = D909A3E91D7FBCA900D4784A /* WXUserInvestRecordTableViewCell.swift */; };
		D909A3EC1D7FBCA900D4784A /* WXUserInvestRecordTableViewCell.xib in Resources */ = {isa = PBXBuildFile; fileRef = D909A3EA1D7FBCA900D4784A /* WXUserInvestRecordTableViewCell.xib */; };
		D909A3F01D7FE53400D4784A /* WXUserFundRecordViewController.swift in Sources */ = {isa = PBXBuildFile; fileRef = D909A3EE1D7FE53400D4784A /* WXUserFundRecordViewController.swift */; };
		D909A3F11D7FE53400D4784A /* WXUserFundRecordViewController.xib in Resources */ = {isa = PBXBuildFile; fileRef = D909A3EF1D7FE53400D4784A /* WXUserFundRecordViewController.xib */; };
		D909A3F41D7FE58600D4784A /* WXUserFundRecordTableViewCell.swift in Sources */ = {isa = PBXBuildFile; fileRef = D909A3F21D7FE58600D4784A /* WXUserFundRecordTableViewCell.swift */; };
		D909A3F51D7FE58600D4784A /* WXUserFundRecordTableViewCell.xib in Resources */ = {isa = PBXBuildFile; fileRef = D909A3F31D7FE58600D4784A /* WXUserFundRecordTableViewCell.xib */; };
		D909A3F81D7FFB0300D4784A /* WXUserInfoViewController.swift in Sources */ = {isa = PBXBuildFile; fileRef = D909A3F61D7FFB0300D4784A /* WXUserInfoViewController.swift */; };
		D909A3F91D7FFB0300D4784A /* WXUserInfoViewController.xib in Resources */ = {isa = PBXBuildFile; fileRef = D909A3F71D7FFB0300D4784A /* WXUserInfoViewController.xib */; };
		D909A3FC1D7FFC8B00D4784A /* WXUserInfoDetailTableViewCell.swift in Sources */ = {isa = PBXBuildFile; fileRef = D909A3FA1D7FFC8B00D4784A /* WXUserInfoDetailTableViewCell.swift */; };
		D909A3FD1D7FFC8B00D4784A /* WXUserInfoDetailTableViewCell.xib in Resources */ = {isa = PBXBuildFile; fileRef = D909A3FB1D7FFC8B00D4784A /* WXUserInfoDetailTableViewCell.xib */; };
		D909A4011D80048B00D4784A /* WXUserCouponListViewController.swift in Sources */ = {isa = PBXBuildFile; fileRef = D909A3FF1D80048B00D4784A /* WXUserCouponListViewController.swift */; };
		D909A4021D80048B00D4784A /* WXUserCouponListViewController.xib in Resources */ = {isa = PBXBuildFile; fileRef = D909A4001D80048B00D4784A /* WXUserCouponListViewController.xib */; };
		D909A4051D80050C00D4784A /* WXUserCouponTableViewCell.swift in Sources */ = {isa = PBXBuildFile; fileRef = D909A4031D80050C00D4784A /* WXUserCouponTableViewCell.swift */; };
		D909A4061D80050C00D4784A /* WXUserCouponTableViewCell.xib in Resources */ = {isa = PBXBuildFile; fileRef = D909A4041D80050C00D4784A /* WXUserCouponTableViewCell.xib */; };
		D909A44C1D8015E500D4784A /* ABC.png in Resources */ = {isa = PBXBuildFile; fileRef = D909A4091D8015E500D4784A /* ABC.png */; };
		D909A44D1D8015E500D4784A /* alipay.png in Resources */ = {isa = PBXBuildFile; fileRef = D909A40A1D8015E500D4784A /* alipay.png */; };
		D909A44E1D8015E500D4784A /* ap.png in Resources */ = {isa = PBXBuildFile; fileRef = D909A40B1D8015E500D4784A /* ap.png */; };
		D909A44F1D8015E500D4784A /* ar.png in Resources */ = {isa = PBXBuildFile; fileRef = D909A40C1D8015E500D4784A /* ar.png */; };
		D909A4501D8015E500D4784A /* BOCOM.png in Resources */ = {isa = PBXBuildFile; fileRef = D909A40D1D8015E500D4784A /* BOCOM.png */; };
		D909A4511D8015E500D4784A /* bjrcb.png in Resources */ = {isa = PBXBuildFile; fileRef = D909A40E1D8015E500D4784A /* bjrcb.png */; };
		D909A4521D8015E500D4784A /* BCCB.png in Resources */ = {isa = PBXBuildFile; fileRef = D909A40F1D8015E500D4784A /* BCCB.png */; };
		D909A4531D8015E500D4784A /* BOC.png in Resources */ = {isa = PBXBuildFile; fileRef = D909A4101D8015E500D4784A /* BOC.png */; };
		D909A4541D8015E500D4784A /* BOCD.png in Resources */ = {isa = PBXBuildFile; fileRef = D909A4111D8015E500D4784A /* BOCD.png */; };
		D909A4551D8015E500D4784A /* BOS.png in Resources */ = {isa = PBXBuildFile; fileRef = D909A4121D8015E500D4784A /* BOS.png */; };
		D909A4561D8015E500D4784A /* brbcb.png in Resources */ = {isa = PBXBuildFile; fileRef = D909A4131D8015E500D4784A /* brbcb.png */; };
		D909A4571D8015E500D4784A /* bsb.png in Resources */ = {isa = PBXBuildFile; fileRef = D909A4141D8015E500D4784A /* bsb.png */; };
		D909A4581D8015E500D4784A /* cash.png in Resources */ = {isa = PBXBuildFile; fileRef = D909A4151D8015E500D4784A /* cash.png */; };
		D909A4591D8015E500D4784A /* CBHB.png in Resources */ = {isa = PBXBuildFile; fileRef = D909A4161D8015E500D4784A /* CBHB.png */; };
		D909A45A1D8015E500D4784A /* CCB.png in Resources */ = {isa = PBXBuildFile; fileRef = D909A4171D8015E500D4784A /* CCB.png */; };
		D909A45B1D8015E500D4784A /* cdrcb.png in Resources */ = {isa = PBXBuildFile; fileRef = D909A4181D8015E500D4784A /* cdrcb.png */; };
		D909A45C1D8015E500D4784A /* CEB.png in Resources */ = {isa = PBXBuildFile; fileRef = D909A4191D8015E500D4784A /* CEB.png */; };
		D909A45D1D8015E500D4784A /* CIB.png in Resources */ = {isa = PBXBuildFile; fileRef = D909A41A1D8015E500D4784A /* CIB.png */; };
		D909A45E1D8015E500D4784A /* citibank.png in Resources */ = {isa = PBXBuildFile; fileRef = D909A41B1D8015E500D4784A /* citibank.png */; };
		D909A45F1D8015E500D4784A /* CMB.png in Resources */ = {isa = PBXBuildFile; fileRef = D909A41C1D8015E500D4784A /* CMB.png */; };
		D909A4601D8015E500D4784A /* CMBC.png in Resources */ = {isa = PBXBuildFile; fileRef = D909A41D1D8015E500D4784A /* CMBC.png */; };
		D909A4611D8015E500D4784A /* CITIC.png in Resources */ = {isa = PBXBuildFile; fileRef = D909A41E1D8015E500D4784A /* CITIC.png */; };
		D909A4621D8015E500D4784A /* cqcb.png in Resources */ = {isa = PBXBuildFile; fileRef = D909A41F1D8015E500D4784A /* cqcb.png */; };
		D909A4631D8015E500D4784A /* cqrcb.png in Resources */ = {isa = PBXBuildFile; fileRef = D909A4201D8015E500D4784A /* cqrcb.png */; };
		D909A4641D8015E500D4784A /* customaccount.png in Resources */ = {isa = PBXBuildFile; fileRef = D909A4211D8015E500D4784A /* customaccount.png */; };
		D909A4651D8015E500D4784A /* CZB.png in Resources */ = {isa = PBXBuildFile; fileRef = D909A4221D8015E500D4784A /* CZB.png */; };
		D909A4661D8015E500D4784A /* dlb.png in Resources */ = {isa = PBXBuildFile; fileRef = D909A4231D8015E500D4784A /* dlb.png */; };
		D909A4671D8015E500D4784A /* dongguan.png in Resources */ = {isa = PBXBuildFile; fileRef = D909A4241D8015E500D4784A /* dongguan.png */; };
		D909A4681D8015E500D4784A /* egb.png in Resources */ = {isa = PBXBuildFile; fileRef = D909A4251D8015E500D4784A /* egb.png */; };
		D909A4691D8015E500D4784A /* fudian.png in Resources */ = {isa = PBXBuildFile; fileRef = D909A4261D8015E500D4784A /* fudian.png */; };
		D909A46A1D8015E500D4784A /* GDB.png in Resources */ = {isa = PBXBuildFile; fileRef = D909A4271D8015E500D4784A /* GDB.png */; };
		D909A46B1D8015E500D4784A /* grcb.png in Resources */ = {isa = PBXBuildFile; fileRef = D909A4281D8015E500D4784A /* grcb.png */; };
		D909A46C1D8015E500D4784A /* gzcb.png in Resources */ = {isa = PBXBuildFile; fileRef = D909A4291D8015E500D4784A /* gzcb.png */; };
		D909A46D1D8015E500D4784A /* hccb.png in Resources */ = {isa = PBXBuildFile; fileRef = D909A42A1D8015E500D4784A /* hccb.png */; };
		D909A46E1D8015E500D4784A /* HKBEA.png in Resources */ = {isa = PBXBuildFile; fileRef = D909A42B1D8015E500D4784A /* HKBEA.png */; };
		D909A46F1D8015E500D4784A /* hsb.png in Resources */ = {isa = PBXBuildFile; fileRef = D909A42C1D8015E500D4784A /* hsb.png */; };
		D909A4701D8015E500D4784A /* hsbc.png in Resources */ = {isa = PBXBuildFile; fileRef = D909A42D1D8015E500D4784A /* hsbc.png */; };
		D909A4711D8015E500D4784A /* HXB.png in Resources */ = {isa = PBXBuildFile; fileRef = D909A42E1D8015E500D4784A /* HXB.png */; };
		D909A4721D8015E500D4784A /* ICBC.png in Resources */ = {isa = PBXBuildFile; fileRef = D909A42F1D8015E500D4784A /* ICBC.png */; };
		D909A4731D8015E500D4784A /* investment.png in Resources */ = {isa = PBXBuildFile; fileRef = D909A4301D8015E500D4784A /* investment.png */; };
		D909A4741D8015E500D4784A /* jlb.png in Resources */ = {isa = PBXBuildFile; fileRef = D909A4311D8015E500D4784A /* jlb.png */; };
		D909A4751D8015E500D4784A /* jnb.png in Resources */ = {isa = PBXBuildFile; fileRef = D909A4321D8015E500D4784A /* jnb.png */; };
		D909A4761D8015E500D4784A /* jsb.png in Resources */ = {isa = PBXBuildFile; fileRef = D909A4331D8015E500D4784A /* jsb.png */; };
		D909A4771D8015E500D4784A /* klb.png in Resources */ = {isa = PBXBuildFile; fileRef = D909A4341D8015E500D4784A /* klb.png */; };
		D909A4781D8015E500D4784A /* meal.png in Resources */ = {isa = PBXBuildFile; fileRef = D909A4351D8015E500D4784A /* meal.png */; };
		D909A4791D8015E500D4784A /* NBB.png in Resources */ = {isa = PBXBuildFile; fileRef = D909A4361D8015E500D4784A /* NBB.png */; };
		D909A47A1D8015E500D4784A /* neteasepay.png in Resources */ = {isa = PBXBuildFile; fileRef = D909A4371D8015E500D4784A /* neteasepay.png */; };
		D909A47B1D8015E500D4784A /* NJCB.png in Resources */ = {isa = PBXBuildFile; fileRef = D909A4381D8015E500D4784A /* NJCB.png */; };
		D909A47C1D8015E500D4784A /* no_register.png in Resources */ = {isa = PBXBuildFile; fileRef = D909A4391D8015E500D4784A /* no_register.png */; };
		D909A47D1D8015E500D4784A /* PINGAN.png in Resources */ = {isa = PBXBuildFile; fileRef = D909A43A1D8015E500D4784A /* PINGAN.png */; };
		D909A47E1D8015E500D4784A /* PSBC.png in Resources */ = {isa = PBXBuildFile; fileRef = D909A43B1D8015E500D4784A /* PSBC.png */; };
		D909A47F1D8015E500D4784A /* pt.png in Resources */ = {isa = PBXBuildFile; fileRef = D909A43C1D8015E500D4784A /* pt.png */; };
		D909A4801D8015E500D4784A /* sc.png in Resources */ = {isa = PBXBuildFile; fileRef = D909A43D1D8015E500D4784A /* sc.png */; };
		D909A4811D8015E500D4784A /* shopping.png in Resources */ = {isa = PBXBuildFile; fileRef = D909A43E1D8015E500D4784A /* shopping.png */; };
		D909A4821D8015E500D4784A /* sjb.png in Resources */ = {isa = PBXBuildFile; fileRef = D909A43F1D8015E500D4784A /* sjb.png */; };
		D909A4831D8015E500D4784A /* SPDB.png in Resources */ = {isa = PBXBuildFile; fileRef = D909A4401D8015E500D4784A /* SPDB.png */; };
		D909A4841D8015E500D4784A /* SRCB.png in Resources */ = {isa = PBXBuildFile; fileRef = D909A4411D8015E500D4784A /* SRCB.png */; };
		D909A4851D8015E500D4784A /* szrcb.png in Resources */ = {isa = PBXBuildFile; fileRef = D909A4421D8015E500D4784A /* szrcb.png */; };
		D909A4861D8015E500D4784A /* tenpay.png in Resources */ = {isa = PBXBuildFile; fileRef = D909A4431D8015E500D4784A /* tenpay.png */; };
		D909A4871D8015E500D4784A /* tjb.png in Resources */ = {isa = PBXBuildFile; fileRef = D909A4441D8015E500D4784A /* tjb.png */; };
		D909A4881D8015E500D4784A /* unionpay.png in Resources */ = {isa = PBXBuildFile; fileRef = D909A4451D8015E500D4784A /* unionpay.png */; };
		D909A4891D8015E500D4784A /* unknown.png in Resources */ = {isa = PBXBuildFile; fileRef = D909A4461D8015E500D4784A /* unknown.png */; };
		D909A48A1D8015E500D4784A /* wechat.png in Resources */ = {isa = PBXBuildFile; fileRef = D909A4471D8015E500D4784A /* wechat.png */; };
		D909A48B1D8015E500D4784A /* WZCB.png in Resources */ = {isa = PBXBuildFile; fileRef = D909A4481D8015E500D4784A /* WZCB.png */; };
		D909A48C1D8015E500D4784A /* zjb.png in Resources */ = {isa = PBXBuildFile; fileRef = D909A4491D8015E500D4784A /* zjb.png */; };
		D909A48D1D8015E500D4784A /* 网络账户.png in Resources */ = {isa = PBXBuildFile; fileRef = D909A44A1D8015E500D4784A /* 网络账户.png */; };
		D909A48E1D8015E500D4784A /* 记账图标52px-mizha副本_73.png in Resources */ = {isa = PBXBuildFile; fileRef = D909A44B1D8015E500D4784A /* 记账图标52px-mizha副本_73.png */; };
		D909A49D1D80F56900D4784A /* WXUserBankInfoTableViewCell.swift in Sources */ = {isa = PBXBuildFile; fileRef = D909A4991D80F56900D4784A /* WXUserBankInfoTableViewCell.swift */; };
		D909A49E1D80F56900D4784A /* WXUserBankInfoTableViewCell.xib in Resources */ = {isa = PBXBuildFile; fileRef = D909A49A1D80F56900D4784A /* WXUserBankInfoTableViewCell.xib */; };
		D909A49F1D80F56900D4784A /* WXUserBankInfoViewController.swift in Sources */ = {isa = PBXBuildFile; fileRef = D909A49B1D80F56900D4784A /* WXUserBankInfoViewController.swift */; };
		D909A4A01D80F56900D4784A /* WXUserBankInfoViewController.xib in Resources */ = {isa = PBXBuildFile; fileRef = D909A49C1D80F56900D4784A /* WXUserBankInfoViewController.xib */; };
		D909A4A61D80F5F800D4784A /* banner1.jpeg in Resources */ = {isa = PBXBuildFile; fileRef = D909A4A21D80F5F800D4784A /* banner1.jpeg */; };
		D909A4A71D80F5F800D4784A /* banner2.jpeg in Resources */ = {isa = PBXBuildFile; fileRef = D909A4A31D80F5F800D4784A /* banner2.jpeg */; };
		D909A4A81D80F5F800D4784A /* banner3.jpeg in Resources */ = {isa = PBXBuildFile; fileRef = D909A4A41D80F5F800D4784A /* banner3.jpeg */; };
		D909A4A91D80F5F800D4784A /* banner4.jpeg in Resources */ = {isa = PBXBuildFile; fileRef = D909A4A51D80F5F800D4784A /* banner4.jpeg */; };
		D909A4B61D813E5600D4784A /* WXLoanListTableViewCell.swift in Sources */ = {isa = PBXBuildFile; fileRef = D909A4B11D813E5600D4784A /* WXLoanListTableViewCell.swift */; };
		D909A4B71D813E5600D4784A /* WXLoanListTableViewCell.xib in Resources */ = {isa = PBXBuildFile; fileRef = D909A4B21D813E5600D4784A /* WXLoanListTableViewCell.xib */; };
		D909A4B81D813E5600D4784A /* WXLoanListViewController.swift in Sources */ = {isa = PBXBuildFile; fileRef = D909A4B31D813E5600D4784A /* WXLoanListViewController.swift */; };
		D909A4B91D813E5600D4784A /* WXLoanListViewController.xib in Resources */ = {isa = PBXBuildFile; fileRef = D909A4B41D813E5600D4784A /* WXLoanListViewController.xib */; };
		D909A4BA1D813E5600D4784A /* WXLoanRecommendViewController.swift in Sources */ = {isa = PBXBuildFile; fileRef = D909A4B51D813E5600D4784A /* WXLoanRecommendViewController.swift */; };
		D909A4BD1D813E6C00D4784A /* WXLoanDetailViewController.swift in Sources */ = {isa = PBXBuildFile; fileRef = D909A4BB1D813E6C00D4784A /* WXLoanDetailViewController.swift */; };
		D909A4BE1D813E6C00D4784A /* WXLoanDetailViewController.xib in Resources */ = {isa = PBXBuildFile; fileRef = D909A4BC1D813E6C00D4784A /* WXLoanDetailViewController.xib */; };
		D909A4C11D8290CA00D4784A /* WXLoanDetailModel.swift in Sources */ = {isa = PBXBuildFile; fileRef = D909A4C01D8290C900D4784A /* WXLoanDetailModel.swift */; };
		D909A4C31D82B1E500D4784A /* WXLoanManager.swift in Sources */ = {isa = PBXBuildFile; fileRef = D909A4C21D82B1E500D4784A /* WXLoanManager.swift */; };
		D909A4C51D88D9F500D4784A /* WXAccountModel.swift in Sources */ = {isa = PBXBuildFile; fileRef = D909A4C41D88D9F500D4784A /* WXAccountModel.swift */; };
		D909A4C71D88DA0C00D4784A /* WXAccountManager.swift in Sources */ = {isa = PBXBuildFile; fileRef = D909A4C61D88DA0C00D4784A /* WXAccountManager.swift */; };
		D909A4C91D88DF2500D4784A /* WXUserDetail.swift in Sources */ = {isa = PBXBuildFile; fileRef = D909A4C81D88DF2500D4784A /* WXUserDetail.swift */; };
		D909A4CC1D88F86700D4784A /* WXUserFundDetail.swift in Sources */ = {isa = PBXBuildFile; fileRef = D909A4CB1D88F86700D4784A /* WXUserFundDetail.swift */; };
		D909A4CE1D88FB7700D4784A /* WXUserInvestDetail.swift in Sources */ = {isa = PBXBuildFile; fileRef = D909A4CD1D88FB7700D4784A /* WXUserInvestDetail.swift */; };
		D909A4D11D8E3B5100D4784A /* WXInvestModel.swift in Sources */ = {isa = PBXBuildFile; fileRef = D909A4D01D8E3B5000D4784A /* WXInvestModel.swift */; };
		D909A4D31D8E80FF00D4784A /* WXRepaymentsModel.swift in Sources */ = {isa = PBXBuildFile; fileRef = D909A4D21D8E80FF00D4784A /* WXRepaymentsModel.swift */; };
		D909A4D61D8E973300D4784A /* WXUserFundRecordModel.swift in Sources */ = {isa = PBXBuildFile; fileRef = D909A4D51D8E973300D4784A /* WXUserFundRecordModel.swift */; };
		D909A4D81D8FB1FC00D4784A /* WXUserBankInfo.swift in Sources */ = {isa = PBXBuildFile; fileRef = D909A4D71D8FB1FB00D4784A /* WXUserBankInfo.swift */; };
		D909A4DA1D8FC2EC00D4784A /* WXUserCouponModel.swift in Sources */ = {isa = PBXBuildFile; fileRef = D909A4D91D8FC2EC00D4784A /* WXUserCouponModel.swift */; };
		D909A4DE1D8FCA6900D4784A /* BTNavigationDropdownMenu.bundle in Resources */ = {isa = PBXBuildFile; fileRef = D909A4DC1D8FCA6800D4784A /* BTNavigationDropdownMenu.bundle */; };
		D909A4DF1D8FCA6900D4784A /* BTNavigationDropdownMenu.swift in Sources */ = {isa = PBXBuildFile; fileRef = D909A4DD1D8FCA6800D4784A /* BTNavigationDropdownMenu.swift */; };
		D95FD6DA1D7580CF009CC8B2 /* AppDelegate.swift in Sources */ = {isa = PBXBuildFile; fileRef = D95FD6D91D7580CF009CC8B2 /* AppDelegate.swift */; };
		D95FD6E31D7580CF009CC8B2 /* Assets.xcassets in Resources */ = {isa = PBXBuildFile; fileRef = D95FD6E21D7580CF009CC8B2 /* Assets.xcassets */; };
		D95FD6E61D7580CF009CC8B2 /* LaunchScreen.storyboard in Resources */ = {isa = PBXBuildFile; fileRef = D95FD6E41D7580CF009CC8B2 /* LaunchScreen.storyboard */; };
		D95FD6F11D7580CF009CC8B2 /* WXJRTests.swift in Sources */ = {isa = PBXBuildFile; fileRef = D95FD6F01D7580CF009CC8B2 /* WXJRTests.swift */; };
		D95FD6FC1D7580CF009CC8B2 /* WXJRUITests.swift in Sources */ = {isa = PBXBuildFile; fileRef = D95FD6FB1D7580CF009CC8B2 /* WXJRUITests.swift */; };
		D95FD70A1D7664F2009CC8B2 /* WXRootViewController.swift in Sources */ = {isa = PBXBuildFile; fileRef = D95FD7091D7664F2009CC8B2 /* WXRootViewController.swift */; };
		D95FD70E1D7665EF009CC8B2 /* WXLoarnRecommendViewController.xib in Resources */ = {isa = PBXBuildFile; fileRef = D95FD70C1D7665EF009CC8B2 /* WXLoarnRecommendViewController.xib */; };
		D95FD7231D7674A7009CC8B2 /* WXUserManager.swift in Sources */ = {isa = PBXBuildFile; fileRef = D95FD7221D7674A7009CC8B2 /* WXUserManager.swift */; };
		D95FD72F1D768057009CC8B2 /* WXNetworkingAPI.m in Sources */ = {isa = PBXBuildFile; fileRef = D95FD72E1D768057009CC8B2 /* WXNetworkingAPI.m */; };
/* End PBXBuildFile section */

/* Begin PBXContainerItemProxy section */
		D95FD6ED1D7580CF009CC8B2 /* PBXContainerItemProxy */ = {
			isa = PBXContainerItemProxy;
			containerPortal = D95FD6CE1D7580CF009CC8B2 /* Project object */;
			proxyType = 1;
			remoteGlobalIDString = D95FD6D51D7580CF009CC8B2;
			remoteInfo = WXJR;
		};
		D95FD6F81D7580CF009CC8B2 /* PBXContainerItemProxy */ = {
			isa = PBXContainerItemProxy;
			containerPortal = D95FD6CE1D7580CF009CC8B2 /* Project object */;
			proxyType = 1;
			remoteGlobalIDString = D95FD6D51D7580CF009CC8B2;
			remoteInfo = WXJR;
		};
/* End PBXContainerItemProxy section */

/* Begin PBXFileReference section */
		A1E6E485A1614191B1252761 /* libPods.a */ = {isa = PBXFileReference; explicitFileType = archive.ar; includeInIndex = 0; path = libPods.a; sourceTree = BUILT_PRODUCTS_DIR; };
		D12E92565FE14761E0F6184B /* Pods.debug.xcconfig */ = {isa = PBXFileReference; includeInIndex = 1; lastKnownFileType = text.xcconfig; name = Pods.debug.xcconfig; path = "Pods/Target Support Files/Pods/Pods.debug.xcconfig"; sourceTree = "<group>"; };
		D1B2E5940D28E187C83A7CE5 /* Pods.release.xcconfig */ = {isa = PBXFileReference; includeInIndex = 1; lastKnownFileType = text.xcconfig; name = Pods.release.xcconfig; path = "Pods/Target Support Files/Pods/Pods.release.xcconfig"; sourceTree = "<group>"; };
		D909A3B11D7D4F7C00D4784A /* Constants.swift */ = {isa = PBXFileReference; fileEncoding = 4; lastKnownFileType = sourcecode.swift; path = Constants.swift; sourceTree = "<group>"; };
		D909A3B41D7D5D3700D4784A /* WXUserLoginViewController.swift */ = {isa = PBXFileReference; fileEncoding = 4; lastKnownFileType = sourcecode.swift; path = WXUserLoginViewController.swift; sourceTree = "<group>"; };
		D909A3B51D7D5D3700D4784A /* WXUserLoginViewController.xib */ = {isa = PBXFileReference; fileEncoding = 4; lastKnownFileType = file.xib; path = WXUserLoginViewController.xib; sourceTree = "<group>"; };
		D909A3BA1D7D5DAE00D4784A /* WXUserSignupViewController.swift */ = {isa = PBXFileReference; fileEncoding = 4; lastKnownFileType = sourcecode.swift; path = WXUserSignupViewController.swift; sourceTree = "<group>"; };
		D909A3BB1D7D5DAE00D4784A /* WXUserSignupViewController.xib */ = {isa = PBXFileReference; fileEncoding = 4; lastKnownFileType = file.xib; path = WXUserSignupViewController.xib; sourceTree = "<group>"; };
		D909A3BE1D7D5E9B00D4784A /* WXInviteCodeViewController.swift */ = {isa = PBXFileReference; fileEncoding = 4; lastKnownFileType = sourcecode.swift; path = WXInviteCodeViewController.swift; sourceTree = "<group>"; };
		D909A3BF1D7D5E9B00D4784A /* WXInviteCodeViewController.xib */ = {isa = PBXFileReference; fileEncoding = 4; lastKnownFileType = file.xib; path = WXInviteCodeViewController.xib; sourceTree = "<group>"; };
		D909A3C31D7E69F100D4784A /* AutoSlideScrollView.h */ = {isa = PBXFileReference; fileEncoding = 4; lastKnownFileType = sourcecode.c.h; path = AutoSlideScrollView.h; sourceTree = "<group>"; };
		D909A3C41D7E69F100D4784A /* AutoSlideScrollView.m */ = {isa = PBXFileReference; fileEncoding = 4; lastKnownFileType = sourcecode.c.objc; path = AutoSlideScrollView.m; sourceTree = "<group>"; };
		D909A3C51D7E69F100D4784A /* MyPageControl.h */ = {isa = PBXFileReference; fileEncoding = 4; lastKnownFileType = sourcecode.c.h; path = MyPageControl.h; sourceTree = "<group>"; };
		D909A3C61D7E69F100D4784A /* MyPageControl.m */ = {isa = PBXFileReference; fileEncoding = 4; lastKnownFileType = sourcecode.c.objc; path = MyPageControl.m; sourceTree = "<group>"; };
		D909A3C71D7E69F100D4784A /* NSTimer+Addition.h */ = {isa = PBXFileReference; fileEncoding = 4; lastKnownFileType = sourcecode.c.h; path = "NSTimer+Addition.h"; sourceTree = "<group>"; };
		D909A3C81D7E69F100D4784A /* NSTimer+Addition.m */ = {isa = PBXFileReference; fileEncoding = 4; lastKnownFileType = sourcecode.c.objc; path = "NSTimer+Addition.m"; sourceTree = "<group>"; };
		D909A3CA1D7E69F100D4784A /* AutoSlideScrollView.bundle */ = {isa = PBXFileReference; lastKnownFileType = "wrapper.plug-in"; path = AutoSlideScrollView.bundle; sourceTree = "<group>"; };
		D909A3D01D7E708A00D4784A /* Base */ = {isa = PBXFileReference; lastKnownFileType = file.storyboard; name = Base; path = Base.lproj/Main.storyboard; sourceTree = "<group>"; };
		D909A3D21D7E960800D4784A /* WXCheckUserPhoneViewController.swift */ = {isa = PBXFileReference; fileEncoding = 4; lastKnownFileType = sourcecode.swift; path = WXCheckUserPhoneViewController.swift; sourceTree = "<group>"; };
		D909A3D31D7E960800D4784A /* WXCheckUserPhoneViewController.xib */ = {isa = PBXFileReference; fileEncoding = 4; lastKnownFileType = file.xib; path = WXCheckUserPhoneViewController.xib; sourceTree = "<group>"; };
		D909A3D71D7EB51D00D4784A /* WXMineRootViewController.swift */ = {isa = PBXFileReference; fileEncoding = 4; lastKnownFileType = sourcecode.swift; path = WXMineRootViewController.swift; sourceTree = "<group>"; };
		D909A3D81D7EB51D00D4784A /* WXMineRootViewController.xib */ = {isa = PBXFileReference; fileEncoding = 4; lastKnownFileType = file.xib; path = WXMineRootViewController.xib; sourceTree = "<group>"; };
		D909A3DB1D7ED27D00D4784A /* WXMineHomeTableViewCell.swift */ = {isa = PBXFileReference; fileEncoding = 4; lastKnownFileType = sourcecode.swift; path = WXMineHomeTableViewCell.swift; sourceTree = "<group>"; };
		D909A3DC1D7ED27D00D4784A /* WXMineHomeTableViewCell.xib */ = {isa = PBXFileReference; fileEncoding = 4; lastKnownFileType = file.xib; path = WXMineHomeTableViewCell.xib; sourceTree = "<group>"; };
		D909A3E01D7EDA1F00D4784A /* WXUserInvestRecordViewController.swift */ = {isa = PBXFileReference; fileEncoding = 4; lastKnownFileType = sourcecode.swift; path = WXUserInvestRecordViewController.swift; sourceTree = "<group>"; };
		D909A3E11D7EDA1F00D4784A /* WXUserInvestRecordViewController.xib */ = {isa = PBXFileReference; fileEncoding = 4; lastKnownFileType = file.xib; path = WXUserInvestRecordViewController.xib; sourceTree = "<group>"; };
		D909A3E51D7EDEAF00D4784A /* WXUserFundsTrusteeshipInfoViewController.swift */ = {isa = PBXFileReference; fileEncoding = 4; lastKnownFileType = sourcecode.swift; path = WXUserFundsTrusteeshipInfoViewController.swift; sourceTree = "<group>"; };
		D909A3E61D7EDEAF00D4784A /* WXUserFundsTrusteeshipInfoViewController.xib */ = {isa = PBXFileReference; fileEncoding = 4; lastKnownFileType = file.xib; path = WXUserFundsTrusteeshipInfoViewController.xib; sourceTree = "<group>"; };
		D909A3E91D7FBCA900D4784A /* WXUserInvestRecordTableViewCell.swift */ = {isa = PBXFileReference; fileEncoding = 4; lastKnownFileType = sourcecode.swift; path = WXUserInvestRecordTableViewCell.swift; sourceTree = "<group>"; };
		D909A3EA1D7FBCA900D4784A /* WXUserInvestRecordTableViewCell.xib */ = {isa = PBXFileReference; fileEncoding = 4; lastKnownFileType = file.xib; path = WXUserInvestRecordTableViewCell.xib; sourceTree = "<group>"; };
		D909A3EE1D7FE53400D4784A /* WXUserFundRecordViewController.swift */ = {isa = PBXFileReference; fileEncoding = 4; lastKnownFileType = sourcecode.swift; path = WXUserFundRecordViewController.swift; sourceTree = "<group>"; };
		D909A3EF1D7FE53400D4784A /* WXUserFundRecordViewController.xib */ = {isa = PBXFileReference; fileEncoding = 4; lastKnownFileType = file.xib; path = WXUserFundRecordViewController.xib; sourceTree = "<group>"; };
		D909A3F21D7FE58600D4784A /* WXUserFundRecordTableViewCell.swift */ = {isa = PBXFileReference; fileEncoding = 4; lastKnownFileType = sourcecode.swift; path = WXUserFundRecordTableViewCell.swift; sourceTree = "<group>"; };
		D909A3F31D7FE58600D4784A /* WXUserFundRecordTableViewCell.xib */ = {isa = PBXFileReference; fileEncoding = 4; lastKnownFileType = file.xib; path = WXUserFundRecordTableViewCell.xib; sourceTree = "<group>"; };
		D909A3F61D7FFB0300D4784A /* WXUserInfoViewController.swift */ = {isa = PBXFileReference; fileEncoding = 4; lastKnownFileType = sourcecode.swift; path = WXUserInfoViewController.swift; sourceTree = "<group>"; };
		D909A3F71D7FFB0300D4784A /* WXUserInfoViewController.xib */ = {isa = PBXFileReference; fileEncoding = 4; lastKnownFileType = file.xib; path = WXUserInfoViewController.xib; sourceTree = "<group>"; };
		D909A3FA1D7FFC8B00D4784A /* WXUserInfoDetailTableViewCell.swift */ = {isa = PBXFileReference; fileEncoding = 4; lastKnownFileType = sourcecode.swift; path = WXUserInfoDetailTableViewCell.swift; sourceTree = "<group>"; };
		D909A3FB1D7FFC8B00D4784A /* WXUserInfoDetailTableViewCell.xib */ = {isa = PBXFileReference; fileEncoding = 4; lastKnownFileType = file.xib; path = WXUserInfoDetailTableViewCell.xib; sourceTree = "<group>"; };
		D909A3FF1D80048B00D4784A /* WXUserCouponListViewController.swift */ = {isa = PBXFileReference; fileEncoding = 4; lastKnownFileType = sourcecode.swift; path = WXUserCouponListViewController.swift; sourceTree = "<group>"; };
		D909A4001D80048B00D4784A /* WXUserCouponListViewController.xib */ = {isa = PBXFileReference; fileEncoding = 4; lastKnownFileType = file.xib; path = WXUserCouponListViewController.xib; sourceTree = "<group>"; };
		D909A4031D80050C00D4784A /* WXUserCouponTableViewCell.swift */ = {isa = PBXFileReference; fileEncoding = 4; lastKnownFileType = sourcecode.swift; path = WXUserCouponTableViewCell.swift; sourceTree = "<group>"; };
		D909A4041D80050C00D4784A /* WXUserCouponTableViewCell.xib */ = {isa = PBXFileReference; fileEncoding = 4; lastKnownFileType = file.xib; path = WXUserCouponTableViewCell.xib; sourceTree = "<group>"; };
		D909A4091D8015E500D4784A /* ABC.png */ = {isa = PBXFileReference; lastKnownFileType = image.png; path = ABC.png; sourceTree = "<group>"; };
		D909A40A1D8015E500D4784A /* alipay.png */ = {isa = PBXFileReference; lastKnownFileType = image.png; path = alipay.png; sourceTree = "<group>"; };
		D909A40B1D8015E500D4784A /* ap.png */ = {isa = PBXFileReference; lastKnownFileType = image.png; path = ap.png; sourceTree = "<group>"; };
		D909A40C1D8015E500D4784A /* ar.png */ = {isa = PBXFileReference; lastKnownFileType = image.png; path = ar.png; sourceTree = "<group>"; };
		D909A40D1D8015E500D4784A /* BOCOM.png */ = {isa = PBXFileReference; lastKnownFileType = image.png; path = BOCOM.png; sourceTree = "<group>"; };
		D909A40E1D8015E500D4784A /* bjrcb.png */ = {isa = PBXFileReference; lastKnownFileType = image.png; path = bjrcb.png; sourceTree = "<group>"; };
		D909A40F1D8015E500D4784A /* BCCB.png */ = {isa = PBXFileReference; lastKnownFileType = image.png; path = BCCB.png; sourceTree = "<group>"; };
		D909A4101D8015E500D4784A /* BOC.png */ = {isa = PBXFileReference; lastKnownFileType = image.png; path = BOC.png; sourceTree = "<group>"; };
		D909A4111D8015E500D4784A /* BOCD.png */ = {isa = PBXFileReference; lastKnownFileType = image.png; path = BOCD.png; sourceTree = "<group>"; };
		D909A4121D8015E500D4784A /* BOS.png */ = {isa = PBXFileReference; lastKnownFileType = image.png; path = BOS.png; sourceTree = "<group>"; };
		D909A4131D8015E500D4784A /* brbcb.png */ = {isa = PBXFileReference; lastKnownFileType = image.png; path = brbcb.png; sourceTree = "<group>"; };
		D909A4141D8015E500D4784A /* bsb.png */ = {isa = PBXFileReference; lastKnownFileType = image.png; path = bsb.png; sourceTree = "<group>"; };
		D909A4151D8015E500D4784A /* cash.png */ = {isa = PBXFileReference; lastKnownFileType = image.png; path = cash.png; sourceTree = "<group>"; };
		D909A4161D8015E500D4784A /* CBHB.png */ = {isa = PBXFileReference; lastKnownFileType = image.png; path = CBHB.png; sourceTree = "<group>"; };
		D909A4171D8015E500D4784A /* CCB.png */ = {isa = PBXFileReference; lastKnownFileType = image.png; path = CCB.png; sourceTree = "<group>"; };
		D909A4181D8015E500D4784A /* cdrcb.png */ = {isa = PBXFileReference; lastKnownFileType = image.png; path = cdrcb.png; sourceTree = "<group>"; };
		D909A4191D8015E500D4784A /* CEB.png */ = {isa = PBXFileReference; lastKnownFileType = image.png; path = CEB.png; sourceTree = "<group>"; };
		D909A41A1D8015E500D4784A /* CIB.png */ = {isa = PBXFileReference; lastKnownFileType = image.png; path = CIB.png; sourceTree = "<group>"; };
		D909A41B1D8015E500D4784A /* citibank.png */ = {isa = PBXFileReference; lastKnownFileType = image.png; path = citibank.png; sourceTree = "<group>"; };
		D909A41C1D8015E500D4784A /* CMB.png */ = {isa = PBXFileReference; lastKnownFileType = image.png; path = CMB.png; sourceTree = "<group>"; };
		D909A41D1D8015E500D4784A /* CMBC.png */ = {isa = PBXFileReference; lastKnownFileType = image.png; path = CMBC.png; sourceTree = "<group>"; };
		D909A41E1D8015E500D4784A /* CITIC.png */ = {isa = PBXFileReference; lastKnownFileType = image.png; path = CITIC.png; sourceTree = "<group>"; };
		D909A41F1D8015E500D4784A /* cqcb.png */ = {isa = PBXFileReference; lastKnownFileType = image.png; path = cqcb.png; sourceTree = "<group>"; };
		D909A4201D8015E500D4784A /* cqrcb.png */ = {isa = PBXFileReference; lastKnownFileType = image.png; path = cqrcb.png; sourceTree = "<group>"; };
		D909A4211D8015E500D4784A /* customaccount.png */ = {isa = PBXFileReference; lastKnownFileType = image.png; path = customaccount.png; sourceTree = "<group>"; };
		D909A4221D8015E500D4784A /* CZB.png */ = {isa = PBXFileReference; lastKnownFileType = image.png; path = CZB.png; sourceTree = "<group>"; };
		D909A4231D8015E500D4784A /* dlb.png */ = {isa = PBXFileReference; lastKnownFileType = image.png; path = dlb.png; sourceTree = "<group>"; };
		D909A4241D8015E500D4784A /* dongguan.png */ = {isa = PBXFileReference; lastKnownFileType = image.png; path = dongguan.png; sourceTree = "<group>"; };
		D909A4251D8015E500D4784A /* egb.png */ = {isa = PBXFileReference; lastKnownFileType = image.png; path = egb.png; sourceTree = "<group>"; };
		D909A4261D8015E500D4784A /* fudian.png */ = {isa = PBXFileReference; lastKnownFileType = image.png; path = fudian.png; sourceTree = "<group>"; };
		D909A4271D8015E500D4784A /* GDB.png */ = {isa = PBXFileReference; lastKnownFileType = image.png; path = GDB.png; sourceTree = "<group>"; };
		D909A4281D8015E500D4784A /* grcb.png */ = {isa = PBXFileReference; lastKnownFileType = image.png; path = grcb.png; sourceTree = "<group>"; };
		D909A4291D8015E500D4784A /* gzcb.png */ = {isa = PBXFileReference; lastKnownFileType = image.png; path = gzcb.png; sourceTree = "<group>"; };
		D909A42A1D8015E500D4784A /* hccb.png */ = {isa = PBXFileReference; lastKnownFileType = image.png; path = hccb.png; sourceTree = "<group>"; };
		D909A42B1D8015E500D4784A /* HKBEA.png */ = {isa = PBXFileReference; lastKnownFileType = image.png; path = HKBEA.png; sourceTree = "<group>"; };
		D909A42C1D8015E500D4784A /* hsb.png */ = {isa = PBXFileReference; lastKnownFileType = image.png; path = hsb.png; sourceTree = "<group>"; };
		D909A42D1D8015E500D4784A /* hsbc.png */ = {isa = PBXFileReference; lastKnownFileType = image.png; path = hsbc.png; sourceTree = "<group>"; };
		D909A42E1D8015E500D4784A /* HXB.png */ = {isa = PBXFileReference; lastKnownFileType = image.png; path = HXB.png; sourceTree = "<group>"; };
		D909A42F1D8015E500D4784A /* ICBC.png */ = {isa = PBXFileReference; lastKnownFileType = image.png; path = ICBC.png; sourceTree = "<group>"; };
		D909A4301D8015E500D4784A /* investment.png */ = {isa = PBXFileReference; lastKnownFileType = image.png; path = investment.png; sourceTree = "<group>"; };
		D909A4311D8015E500D4784A /* jlb.png */ = {isa = PBXFileReference; lastKnownFileType = image.png; path = jlb.png; sourceTree = "<group>"; };
		D909A4321D8015E500D4784A /* jnb.png */ = {isa = PBXFileReference; lastKnownFileType = image.png; path = jnb.png; sourceTree = "<group>"; };
		D909A4331D8015E500D4784A /* jsb.png */ = {isa = PBXFileReference; lastKnownFileType = image.png; path = jsb.png; sourceTree = "<group>"; };
		D909A4341D8015E500D4784A /* klb.png */ = {isa = PBXFileReference; lastKnownFileType = image.png; path = klb.png; sourceTree = "<group>"; };
		D909A4351D8015E500D4784A /* meal.png */ = {isa = PBXFileReference; lastKnownFileType = image.png; path = meal.png; sourceTree = "<group>"; };
		D909A4361D8015E500D4784A /* NBB.png */ = {isa = PBXFileReference; lastKnownFileType = image.png; path = NBB.png; sourceTree = "<group>"; };
		D909A4371D8015E500D4784A /* neteasepay.png */ = {isa = PBXFileReference; lastKnownFileType = image.png; path = neteasepay.png; sourceTree = "<group>"; };
		D909A4381D8015E500D4784A /* NJCB.png */ = {isa = PBXFileReference; lastKnownFileType = image.png; path = NJCB.png; sourceTree = "<group>"; };
		D909A4391D8015E500D4784A /* no_register.png */ = {isa = PBXFileReference; lastKnownFileType = image.png; path = no_register.png; sourceTree = "<group>"; };
		D909A43A1D8015E500D4784A /* PINGAN.png */ = {isa = PBXFileReference; lastKnownFileType = image.png; path = PINGAN.png; sourceTree = "<group>"; };
		D909A43B1D8015E500D4784A /* PSBC.png */ = {isa = PBXFileReference; lastKnownFileType = image.png; path = PSBC.png; sourceTree = "<group>"; };
		D909A43C1D8015E500D4784A /* pt.png */ = {isa = PBXFileReference; lastKnownFileType = image.png; path = pt.png; sourceTree = "<group>"; };
		D909A43D1D8015E500D4784A /* sc.png */ = {isa = PBXFileReference; lastKnownFileType = image.png; path = sc.png; sourceTree = "<group>"; };
		D909A43E1D8015E500D4784A /* shopping.png */ = {isa = PBXFileReference; lastKnownFileType = image.png; path = shopping.png; sourceTree = "<group>"; };
		D909A43F1D8015E500D4784A /* sjb.png */ = {isa = PBXFileReference; lastKnownFileType = image.png; path = sjb.png; sourceTree = "<group>"; };
		D909A4401D8015E500D4784A /* SPDB.png */ = {isa = PBXFileReference; lastKnownFileType = image.png; path = SPDB.png; sourceTree = "<group>"; };
		D909A4411D8015E500D4784A /* SRCB.png */ = {isa = PBXFileReference; lastKnownFileType = image.png; path = SRCB.png; sourceTree = "<group>"; };
		D909A4421D8015E500D4784A /* szrcb.png */ = {isa = PBXFileReference; lastKnownFileType = image.png; path = szrcb.png; sourceTree = "<group>"; };
		D909A4431D8015E500D4784A /* tenpay.png */ = {isa = PBXFileReference; lastKnownFileType = image.png; path = tenpay.png; sourceTree = "<group>"; };
		D909A4441D8015E500D4784A /* tjb.png */ = {isa = PBXFileReference; lastKnownFileType = image.png; path = tjb.png; sourceTree = "<group>"; };
		D909A4451D8015E500D4784A /* unionpay.png */ = {isa = PBXFileReference; lastKnownFileType = image.png; path = unionpay.png; sourceTree = "<group>"; };
		D909A4461D8015E500D4784A /* unknown.png */ = {isa = PBXFileReference; lastKnownFileType = image.png; path = unknown.png; sourceTree = "<group>"; };
		D909A4471D8015E500D4784A /* wechat.png */ = {isa = PBXFileReference; lastKnownFileType = image.png; path = wechat.png; sourceTree = "<group>"; };
		D909A4481D8015E500D4784A /* WZCB.png */ = {isa = PBXFileReference; lastKnownFileType = image.png; path = WZCB.png; sourceTree = "<group>"; };
		D909A4491D8015E500D4784A /* zjb.png */ = {isa = PBXFileReference; lastKnownFileType = image.png; path = zjb.png; sourceTree = "<group>"; };
		D909A44A1D8015E500D4784A /* 网络账户.png */ = {isa = PBXFileReference; lastKnownFileType = image.png; path = "网络账户.png"; sourceTree = "<group>"; };
		D909A44B1D8015E500D4784A /* 记账图标52px-mizha副本_73.png */ = {isa = PBXFileReference; lastKnownFileType = image.png; path = "记账图标52px-mizha副本_73.png"; sourceTree = "<group>"; };
		D909A4991D80F56900D4784A /* WXUserBankInfoTableViewCell.swift */ = {isa = PBXFileReference; fileEncoding = 4; lastKnownFileType = sourcecode.swift; path = WXUserBankInfoTableViewCell.swift; sourceTree = "<group>"; };
		D909A49A1D80F56900D4784A /* WXUserBankInfoTableViewCell.xib */ = {isa = PBXFileReference; fileEncoding = 4; lastKnownFileType = file.xib; path = WXUserBankInfoTableViewCell.xib; sourceTree = "<group>"; };
		D909A49B1D80F56900D4784A /* WXUserBankInfoViewController.swift */ = {isa = PBXFileReference; fileEncoding = 4; lastKnownFileType = sourcecode.swift; path = WXUserBankInfoViewController.swift; sourceTree = "<group>"; };
		D909A49C1D80F56900D4784A /* WXUserBankInfoViewController.xib */ = {isa = PBXFileReference; fileEncoding = 4; lastKnownFileType = file.xib; path = WXUserBankInfoViewController.xib; sourceTree = "<group>"; };
		D909A4A21D80F5F800D4784A /* banner1.jpeg */ = {isa = PBXFileReference; lastKnownFileType = image.jpeg; path = banner1.jpeg; sourceTree = "<group>"; };
		D909A4A31D80F5F800D4784A /* banner2.jpeg */ = {isa = PBXFileReference; lastKnownFileType = image.jpeg; path = banner2.jpeg; sourceTree = "<group>"; };
		D909A4A41D80F5F800D4784A /* banner3.jpeg */ = {isa = PBXFileReference; lastKnownFileType = image.jpeg; path = banner3.jpeg; sourceTree = "<group>"; };
		D909A4A51D80F5F800D4784A /* banner4.jpeg */ = {isa = PBXFileReference; lastKnownFileType = image.jpeg; path = banner4.jpeg; sourceTree = "<group>"; };
		D909A4AF1D813E4000D4784A /* WXJR-Bridging-Header.h */ = {isa = PBXFileReference; fileEncoding = 4; lastKnownFileType = sourcecode.c.h; path = "WXJR-Bridging-Header.h"; sourceTree = "<group>"; };
		D909A4B11D813E5600D4784A /* WXLoanListTableViewCell.swift */ = {isa = PBXFileReference; fileEncoding = 4; lastKnownFileType = sourcecode.swift; path = WXLoanListTableViewCell.swift; sourceTree = "<group>"; };
		D909A4B21D813E5600D4784A /* WXLoanListTableViewCell.xib */ = {isa = PBXFileReference; fileEncoding = 4; lastKnownFileType = file.xib; path = WXLoanListTableViewCell.xib; sourceTree = "<group>"; };
		D909A4B31D813E5600D4784A /* WXLoanListViewController.swift */ = {isa = PBXFileReference; fileEncoding = 4; lastKnownFileType = sourcecode.swift; path = WXLoanListViewController.swift; sourceTree = "<group>"; };
		D909A4B41D813E5600D4784A /* WXLoanListViewController.xib */ = {isa = PBXFileReference; fileEncoding = 4; lastKnownFileType = file.xib; path = WXLoanListViewController.xib; sourceTree = "<group>"; };
		D909A4B51D813E5600D4784A /* WXLoanRecommendViewController.swift */ = {isa = PBXFileReference; fileEncoding = 4; lastKnownFileType = sourcecode.swift; path = WXLoanRecommendViewController.swift; sourceTree = "<group>"; };
		D909A4BB1D813E6C00D4784A /* WXLoanDetailViewController.swift */ = {isa = PBXFileReference; fileEncoding = 4; lastKnownFileType = sourcecode.swift; path = WXLoanDetailViewController.swift; sourceTree = "<group>"; };
		D909A4BC1D813E6C00D4784A /* WXLoanDetailViewController.xib */ = {isa = PBXFileReference; fileEncoding = 4; lastKnownFileType = file.xib; path = WXLoanDetailViewController.xib; sourceTree = "<group>"; };
		D909A4C01D8290C900D4784A /* WXLoanDetailModel.swift */ = {isa = PBXFileReference; fileEncoding = 4; lastKnownFileType = sourcecode.swift; path = WXLoanDetailModel.swift; sourceTree = "<group>"; };
		D909A4C21D82B1E500D4784A /* WXLoanManager.swift */ = {isa = PBXFileReference; fileEncoding = 4; lastKnownFileType = sourcecode.swift; path = WXLoanManager.swift; sourceTree = "<group>"; };
		D909A4C41D88D9F500D4784A /* WXAccountModel.swift */ = {isa = PBXFileReference; fileEncoding = 4; lastKnownFileType = sourcecode.swift; name = WXAccountModel.swift; path = UserManager/WXAccountModel.swift; sourceTree = "<group>"; };
		D909A4C61D88DA0C00D4784A /* WXAccountManager.swift */ = {isa = PBXFileReference; fileEncoding = 4; lastKnownFileType = sourcecode.swift; path = WXAccountManager.swift; sourceTree = "<group>"; };
		D909A4C81D88DF2500D4784A /* WXUserDetail.swift */ = {isa = PBXFileReference; fileEncoding = 4; lastKnownFileType = sourcecode.swift; path = WXUserDetail.swift; sourceTree = "<group>"; };
		D909A4CB1D88F86700D4784A /* WXUserFundDetail.swift */ = {isa = PBXFileReference; fileEncoding = 4; lastKnownFileType = sourcecode.swift; path = WXUserFundDetail.swift; sourceTree = "<group>"; };
		D909A4CD1D88FB7700D4784A /* WXUserInvestDetail.swift */ = {isa = PBXFileReference; fileEncoding = 4; lastKnownFileType = sourcecode.swift; path = WXUserInvestDetail.swift; sourceTree = "<group>"; };
		D909A4D01D8E3B5000D4784A /* WXInvestModel.swift */ = {isa = PBXFileReference; fileEncoding = 4; lastKnownFileType = sourcecode.swift; path = WXInvestModel.swift; sourceTree = "<group>"; };
		D909A4D21D8E80FF00D4784A /* WXRepaymentsModel.swift */ = {isa = PBXFileReference; fileEncoding = 4; lastKnownFileType = sourcecode.swift; path = WXRepaymentsModel.swift; sourceTree = "<group>"; };
		D909A4D51D8E973300D4784A /* WXUserFundRecordModel.swift */ = {isa = PBXFileReference; fileEncoding = 4; lastKnownFileType = sourcecode.swift; path = WXUserFundRecordModel.swift; sourceTree = "<group>"; };
		D909A4D71D8FB1FB00D4784A /* WXUserBankInfo.swift */ = {isa = PBXFileReference; fileEncoding = 4; lastKnownFileType = sourcecode.swift; path = WXUserBankInfo.swift; sourceTree = "<group>"; };
		D909A4D91D8FC2EC00D4784A /* WXUserCouponModel.swift */ = {isa = PBXFileReference; fileEncoding = 4; lastKnownFileType = sourcecode.swift; path = WXUserCouponModel.swift; sourceTree = "<group>"; };
		D909A4DC1D8FCA6800D4784A /* BTNavigationDropdownMenu.bundle */ = {isa = PBXFileReference; lastKnownFileType = "wrapper.plug-in"; path = BTNavigationDropdownMenu.bundle; sourceTree = "<group>"; };
		D909A4DD1D8FCA6800D4784A /* BTNavigationDropdownMenu.swift */ = {isa = PBXFileReference; fileEncoding = 4; lastKnownFileType = sourcecode.swift; path = BTNavigationDropdownMenu.swift; sourceTree = "<group>"; };
		D95FD6D61D7580CF009CC8B2 /* WXJR.app */ = {isa = PBXFileReference; explicitFileType = wrapper.application; includeInIndex = 0; path = WXJR.app; sourceTree = BUILT_PRODUCTS_DIR; };
		D95FD6D91D7580CF009CC8B2 /* AppDelegate.swift */ = {isa = PBXFileReference; lastKnownFileType = sourcecode.swift; path = AppDelegate.swift; sourceTree = "<group>"; };
		D95FD6E21D7580CF009CC8B2 /* Assets.xcassets */ = {isa = PBXFileReference; lastKnownFileType = folder.assetcatalog; path = Assets.xcassets; sourceTree = "<group>"; };
		D95FD6E51D7580CF009CC8B2 /* Base */ = {isa = PBXFileReference; lastKnownFileType = file.storyboard; name = Base; path = Base.lproj/LaunchScreen.storyboard; sourceTree = "<group>"; };
		D95FD6E71D7580CF009CC8B2 /* Info.plist */ = {isa = PBXFileReference; lastKnownFileType = text.plist.xml; path = Info.plist; sourceTree = "<group>"; };
		D95FD6EC1D7580CF009CC8B2 /* WXJRTests.xctest */ = {isa = PBXFileReference; explicitFileType = wrapper.cfbundle; includeInIndex = 0; path = WXJRTests.xctest; sourceTree = BUILT_PRODUCTS_DIR; };
		D95FD6F01D7580CF009CC8B2 /* WXJRTests.swift */ = {isa = PBXFileReference; lastKnownFileType = sourcecode.swift; path = WXJRTests.swift; sourceTree = "<group>"; };
		D95FD6F21D7580CF009CC8B2 /* Info.plist */ = {isa = PBXFileReference; lastKnownFileType = text.plist.xml; path = Info.plist; sourceTree = "<group>"; };
		D95FD6F71D7580CF009CC8B2 /* WXJRUITests.xctest */ = {isa = PBXFileReference; explicitFileType = wrapper.cfbundle; includeInIndex = 0; path = WXJRUITests.xctest; sourceTree = BUILT_PRODUCTS_DIR; };
		D95FD6FB1D7580CF009CC8B2 /* WXJRUITests.swift */ = {isa = PBXFileReference; lastKnownFileType = sourcecode.swift; path = WXJRUITests.swift; sourceTree = "<group>"; };
		D95FD6FD1D7580CF009CC8B2 /* Info.plist */ = {isa = PBXFileReference; lastKnownFileType = text.plist.xml; path = Info.plist; sourceTree = "<group>"; };
		D95FD7091D7664F2009CC8B2 /* WXRootViewController.swift */ = {isa = PBXFileReference; fileEncoding = 4; lastKnownFileType = sourcecode.swift; path = WXRootViewController.swift; sourceTree = "<group>"; };
		D95FD70C1D7665EF009CC8B2 /* WXLoarnRecommendViewController.xib */ = {isa = PBXFileReference; fileEncoding = 4; lastKnownFileType = file.xib; path = WXLoarnRecommendViewController.xib; sourceTree = "<group>"; };
		D95FD7221D7674A7009CC8B2 /* WXUserManager.swift */ = {isa = PBXFileReference; fileEncoding = 4; lastKnownFileType = sourcecode.swift; path = WXUserManager.swift; sourceTree = "<group>"; };
		D95FD72D1D768057009CC8B2 /* WXNetworkingAPI.h */ = {isa = PBXFileReference; fileEncoding = 4; lastKnownFileType = sourcecode.c.h; path = WXNetworkingAPI.h; sourceTree = "<group>"; };
		D95FD72E1D768057009CC8B2 /* WXNetworkingAPI.m */ = {isa = PBXFileReference; fileEncoding = 4; lastKnownFileType = sourcecode.c.objc; path = WXNetworkingAPI.m; sourceTree = "<group>"; };
		D95FD7301D7685D5009CC8B2 /* NetworkingConstants.h */ = {isa = PBXFileReference; lastKnownFileType = sourcecode.c.h; path = NetworkingConstants.h; sourceTree = "<group>"; };
		D95FD7311D768620009CC8B2 /* PrefixHeader.pch */ = {isa = PBXFileReference; lastKnownFileType = sourcecode.c.h; path = PrefixHeader.pch; sourceTree = "<group>"; };
/* End PBXFileReference section */

/* Begin PBXFrameworksBuildPhase section */
		D95FD6D31D7580CF009CC8B2 /* Frameworks */ = {
			isa = PBXFrameworksBuildPhase;
			buildActionMask = 2147483647;
			files = (
				549A3862558934BFB14CB7D8 /* libPods.a in Frameworks */,
			);
			runOnlyForDeploymentPostprocessing = 0;
		};
		D95FD6E91D7580CF009CC8B2 /* Frameworks */ = {
			isa = PBXFrameworksBuildPhase;
			buildActionMask = 2147483647;
			files = (
			);
			runOnlyForDeploymentPostprocessing = 0;
		};
		D95FD6F41D7580CF009CC8B2 /* Frameworks */ = {
			isa = PBXFrameworksBuildPhase;
			buildActionMask = 2147483647;
			files = (
			);
			runOnlyForDeploymentPostprocessing = 0;
		};
/* End PBXFrameworksBuildPhase section */

/* Begin PBXGroup section */
		1C15E739E4196C2DE550FD6A /* Pods */ = {
			isa = PBXGroup;
			children = (
				D12E92565FE14761E0F6184B /* Pods.debug.xcconfig */,
				D1B2E5940D28E187C83A7CE5 /* Pods.release.xcconfig */,
			);
			name = Pods;
			sourceTree = "<group>";
		};
		6E27C6AB62511E3BBE392654 /* Frameworks */ = {
			isa = PBXGroup;
			children = (
				A1E6E485A1614191B1252761 /* libPods.a */,
			);
			name = Frameworks;
			sourceTree = "<group>";
		};
		D909A3B31D7D5D3700D4784A /* UserLogin */ = {
			isa = PBXGroup;
			children = (
				D909A3B41D7D5D3700D4784A /* WXUserLoginViewController.swift */,
				D909A3B51D7D5D3700D4784A /* WXUserLoginViewController.xib */,
				D909A3BA1D7D5DAE00D4784A /* WXUserSignupViewController.swift */,
				D909A3BB1D7D5DAE00D4784A /* WXUserSignupViewController.xib */,
				D909A3D21D7E960800D4784A /* WXCheckUserPhoneViewController.swift */,
				D909A3D31D7E960800D4784A /* WXCheckUserPhoneViewController.xib */,
				D909A3BE1D7D5E9B00D4784A /* WXInviteCodeViewController.swift */,
				D909A3BF1D7D5E9B00D4784A /* WXInviteCodeViewController.xib */,
			);
			path = UserLogin;
			sourceTree = "<group>";
		};
		D909A3C21D7E69F100D4784A /* AutoSlideScrollView */ = {
			isa = PBXGroup;
			children = (
				D909A3C31D7E69F100D4784A /* AutoSlideScrollView.h */,
				D909A3C41D7E69F100D4784A /* AutoSlideScrollView.m */,
				D909A3C51D7E69F100D4784A /* MyPageControl.h */,
				D909A3C61D7E69F100D4784A /* MyPageControl.m */,
				D909A3C71D7E69F100D4784A /* NSTimer+Addition.h */,
				D909A3C81D7E69F100D4784A /* NSTimer+Addition.m */,
				D909A3C91D7E69F100D4784A /* Resources */,
			);
			path = AutoSlideScrollView;
			sourceTree = "<group>";
		};
		D909A3C91D7E69F100D4784A /* Resources */ = {
			isa = PBXGroup;
			children = (
				D909A3CA1D7E69F100D4784A /* AutoSlideScrollView.bundle */,
			);
			path = Resources;
			sourceTree = "<group>";
		};
		D909A3D61D7EB51D00D4784A /* UserRootView */ = {
			isa = PBXGroup;
			children = (
				D909A3D71D7EB51D00D4784A /* WXMineRootViewController.swift */,
				D909A3D81D7EB51D00D4784A /* WXMineRootViewController.xib */,
				D909A3DB1D7ED27D00D4784A /* WXMineHomeTableViewCell.swift */,
				D909A3DC1D7ED27D00D4784A /* WXMineHomeTableViewCell.xib */,
			);
			path = UserRootView;
			sourceTree = "<group>";
		};
		D909A3DF1D7ED9F900D4784A /* Invest */ = {
			isa = PBXGroup;
			children = (
				D909A4CF1D8E376F00D4784A /* InvestModel */,
				D909A3E91D7FBCA900D4784A /* WXUserInvestRecordTableViewCell.swift */,
				D909A3EA1D7FBCA900D4784A /* WXUserInvestRecordTableViewCell.xib */,
				D909A3E01D7EDA1F00D4784A /* WXUserInvestRecordViewController.swift */,
				D909A3E11D7EDA1F00D4784A /* WXUserInvestRecordViewController.xib */,
			);
			path = Invest;
			sourceTree = "<group>";
		};
		D909A3E41D7EDE5A00D4784A /* UserInfo */ = {
			isa = PBXGroup;
			children = (
				D909A3E51D7EDEAF00D4784A /* WXUserFundsTrusteeshipInfoViewController.swift */,
				D909A3E61D7EDEAF00D4784A /* WXUserFundsTrusteeshipInfoViewController.xib */,
				D909A3F61D7FFB0300D4784A /* WXUserInfoViewController.swift */,
				D909A3F71D7FFB0300D4784A /* WXUserInfoViewController.xib */,
				D909A3FA1D7FFC8B00D4784A /* WXUserInfoDetailTableViewCell.swift */,
				D909A3FB1D7FFC8B00D4784A /* WXUserInfoDetailTableViewCell.xib */,
			);
			path = UserInfo;
			sourceTree = "<group>";
		};
		D909A3ED1D7FE50D00D4784A /* UserFundInfo */ = {
			isa = PBXGroup;
			children = (
				D909A4D41D8E970100D4784A /* Model */,
				D909A3F21D7FE58600D4784A /* WXUserFundRecordTableViewCell.swift */,
				D909A3F31D7FE58600D4784A /* WXUserFundRecordTableViewCell.xib */,
				D909A3EE1D7FE53400D4784A /* WXUserFundRecordViewController.swift */,
				D909A3EF1D7FE53400D4784A /* WXUserFundRecordViewController.xib */,
			);
			path = UserFundInfo;
			sourceTree = "<group>";
		};
		D909A3FE1D80046E00D4784A /* UserCoupon */ = {
			isa = PBXGroup;
			children = (
				D909A3FF1D80048B00D4784A /* WXUserCouponListViewController.swift */,
				D909A4001D80048B00D4784A /* WXUserCouponListViewController.xib */,
				D909A4031D80050C00D4784A /* WXUserCouponTableViewCell.swift */,
				D909A4041D80050C00D4784A /* WXUserCouponTableViewCell.xib */,
				D909A4D91D8FC2EC00D4784A /* WXUserCouponModel.swift */,
			);
			path = UserCoupon;
			sourceTree = "<group>";
		};
		D909A4071D8015C900D4784A /* Images */ = {
			isa = PBXGroup;
			children = (
				D909A4A11D80F5F800D4784A /* TempImages */,
				D909A4081D8015E500D4784A /* bankIcons */,
			);
			path = Images;
			sourceTree = "<group>";
		};
		D909A4081D8015E500D4784A /* bankIcons */ = {
			isa = PBXGroup;
			children = (
				D909A4091D8015E500D4784A /* ABC.png */,
				D909A40A1D8015E500D4784A /* alipay.png */,
				D909A40B1D8015E500D4784A /* ap.png */,
				D909A40C1D8015E500D4784A /* ar.png */,
				D909A40D1D8015E500D4784A /* BOCOM.png */,
				D909A40E1D8015E500D4784A /* bjrcb.png */,
				D909A40F1D8015E500D4784A /* BCCB.png */,
				D909A4101D8015E500D4784A /* BOC.png */,
				D909A4111D8015E500D4784A /* BOCD.png */,
				D909A4121D8015E500D4784A /* BOS.png */,
				D909A4131D8015E500D4784A /* brbcb.png */,
				D909A4141D8015E500D4784A /* bsb.png */,
				D909A4151D8015E500D4784A /* cash.png */,
				D909A4161D8015E500D4784A /* CBHB.png */,
				D909A4171D8015E500D4784A /* CCB.png */,
				D909A4181D8015E500D4784A /* cdrcb.png */,
				D909A4191D8015E500D4784A /* CEB.png */,
				D909A41A1D8015E500D4784A /* CIB.png */,
				D909A41B1D8015E500D4784A /* citibank.png */,
				D909A41C1D8015E500D4784A /* CMB.png */,
				D909A41D1D8015E500D4784A /* CMBC.png */,
				D909A41E1D8015E500D4784A /* CITIC.png */,
				D909A41F1D8015E500D4784A /* cqcb.png */,
				D909A4201D8015E500D4784A /* cqrcb.png */,
				D909A4211D8015E500D4784A /* customaccount.png */,
				D909A4221D8015E500D4784A /* CZB.png */,
				D909A4231D8015E500D4784A /* dlb.png */,
				D909A4241D8015E500D4784A /* dongguan.png */,
				D909A4251D8015E500D4784A /* egb.png */,
				D909A4261D8015E500D4784A /* fudian.png */,
				D909A4271D8015E500D4784A /* GDB.png */,
				D909A4281D8015E500D4784A /* grcb.png */,
				D909A4291D8015E500D4784A /* gzcb.png */,
				D909A42A1D8015E500D4784A /* hccb.png */,
				D909A42B1D8015E500D4784A /* HKBEA.png */,
				D909A42C1D8015E500D4784A /* hsb.png */,
				D909A42D1D8015E500D4784A /* hsbc.png */,
				D909A42E1D8015E500D4784A /* HXB.png */,
				D909A42F1D8015E500D4784A /* ICBC.png */,
				D909A4301D8015E500D4784A /* investment.png */,
				D909A4311D8015E500D4784A /* jlb.png */,
				D909A4321D8015E500D4784A /* jnb.png */,
				D909A4331D8015E500D4784A /* jsb.png */,
				D909A4341D8015E500D4784A /* klb.png */,
				D909A4351D8015E500D4784A /* meal.png */,
				D909A4361D8015E500D4784A /* NBB.png */,
				D909A4371D8015E500D4784A /* neteasepay.png */,
				D909A4381D8015E500D4784A /* NJCB.png */,
				D909A4391D8015E500D4784A /* no_register.png */,
				D909A43A1D8015E500D4784A /* PINGAN.png */,
				D909A43B1D8015E500D4784A /* PSBC.png */,
				D909A43C1D8015E500D4784A /* pt.png */,
				D909A43D1D8015E500D4784A /* sc.png */,
				D909A43E1D8015E500D4784A /* shopping.png */,
				D909A43F1D8015E500D4784A /* sjb.png */,
				D909A4401D8015E500D4784A /* SPDB.png */,
				D909A4411D8015E500D4784A /* SRCB.png */,
				D909A4421D8015E500D4784A /* szrcb.png */,
				D909A4431D8015E500D4784A /* tenpay.png */,
				D909A4441D8015E500D4784A /* tjb.png */,
				D909A4451D8015E500D4784A /* unionpay.png */,
				D909A4461D8015E500D4784A /* unknown.png */,
				D909A4471D8015E500D4784A /* wechat.png */,
				D909A4481D8015E500D4784A /* WZCB.png */,
				D909A4491D8015E500D4784A /* zjb.png */,
				D909A44A1D8015E500D4784A /* 网络账户.png */,
				D909A44B1D8015E500D4784A /* 记账图标52px-mizha副本_73.png */,
			);
			name = bankIcons;
			path = 30x30_transparent;
			sourceTree = "<group>";
		};
		D909A4981D80F56900D4784A /* UserBankInfo */ = {
			isa = PBXGroup;
			children = (
				D909A4991D80F56900D4784A /* WXUserBankInfoTableViewCell.swift */,
				D909A49A1D80F56900D4784A /* WXUserBankInfoTableViewCell.xib */,
				D909A49B1D80F56900D4784A /* WXUserBankInfoViewController.swift */,
				D909A49C1D80F56900D4784A /* WXUserBankInfoViewController.xib */,
				D909A4D71D8FB1FB00D4784A /* WXUserBankInfo.swift */,
			);
			path = UserBankInfo;
			sourceTree = "<group>";
		};
		D909A4A11D80F5F800D4784A /* TempImages */ = {
			isa = PBXGroup;
			children = (
				D909A4A21D80F5F800D4784A /* banner1.jpeg */,
				D909A4A31D80F5F800D4784A /* banner2.jpeg */,
				D909A4A41D80F5F800D4784A /* banner3.jpeg */,
				D909A4A51D80F5F800D4784A /* banner4.jpeg */,
			);
			path = TempImages;
			sourceTree = "<group>";
		};
		D909A4AE1D813E2000D4784A /* LoanDetail */ = {
			isa = PBXGroup;
			children = (
				D909A4BB1D813E6C00D4784A /* WXLoanDetailViewController.swift */,
				D909A4BC1D813E6C00D4784A /* WXLoanDetailViewController.xib */,
			);
			path = LoanDetail;
			sourceTree = "<group>";
		};
		D909A4B01D813E5600D4784A /* LoanList */ = {
			isa = PBXGroup;
			children = (
				D909A4B11D813E5600D4784A /* WXLoanListTableViewCell.swift */,
				D909A4B21D813E5600D4784A /* WXLoanListTableViewCell.xib */,
				D909A4B31D813E5600D4784A /* WXLoanListViewController.swift */,
				D909A4B41D813E5600D4784A /* WXLoanListViewController.xib */,
				D909A4B51D813E5600D4784A /* WXLoanRecommendViewController.swift */,
			);
			path = LoanList;
			sourceTree = "<group>";
		};
		D909A4BF1D827DF700D4784A /* LoanModel */ = {
			isa = PBXGroup;
			children = (
				D909A4C01D8290C900D4784A /* WXLoanDetailModel.swift */,
				D909A4C21D82B1E500D4784A /* WXLoanManager.swift */,
			);
			path = LoanModel;
			sourceTree = "<group>";
		};
		D909A4CA1D88F85200D4784A /* UserFund */ = {
			isa = PBXGroup;
			children = (
				D909A4CB1D88F86700D4784A /* WXUserFundDetail.swift */,
				D909A4CD1D88FB7700D4784A /* WXUserInvestDetail.swift */,
			);
			path = UserFund;
			sourceTree = "<group>";
		};
		D909A4CF1D8E376F00D4784A /* InvestModel */ = {
			isa = PBXGroup;
			children = (
				D909A4D01D8E3B5000D4784A /* WXInvestModel.swift */,
				D909A4D21D8E80FF00D4784A /* WXRepaymentsModel.swift */,
			);
			path = InvestModel;
			sourceTree = "<group>";
		};
		D909A4D41D8E970100D4784A /* Model */ = {
			isa = PBXGroup;
			children = (
				D909A4D51D8E973300D4784A /* WXUserFundRecordModel.swift */,
			);
			path = Model;
			sourceTree = "<group>";
		};
		D909A4DB1D8FCA6800D4784A /* BTNavigationDropdownMenu */ = {
			isa = PBXGroup;
			children = (
				D909A4DC1D8FCA6800D4784A /* BTNavigationDropdownMenu.bundle */,
				D909A4DD1D8FCA6800D4784A /* BTNavigationDropdownMenu.swift */,
			);
			path = BTNavigationDropdownMenu;
			sourceTree = "<group>";
		};
		D95FD6CD1D7580CF009CC8B2 = {
			isa = PBXGroup;
			children = (
				D95FD6D81D7580CF009CC8B2 /* WXJR */,
				D95FD6EF1D7580CF009CC8B2 /* WXJRTests */,
				D95FD6FA1D7580CF009CC8B2 /* WXJRUITests */,
				D95FD6D71D7580CF009CC8B2 /* Products */,
				1C15E739E4196C2DE550FD6A /* Pods */,
				6E27C6AB62511E3BBE392654 /* Frameworks */,
			);
			sourceTree = "<group>";
		};
		D95FD6D71D7580CF009CC8B2 /* Products */ = {
			isa = PBXGroup;
			children = (
				D95FD6D61D7580CF009CC8B2 /* WXJR.app */,
				D95FD6EC1D7580CF009CC8B2 /* WXJRTests.xctest */,
				D95FD6F71D7580CF009CC8B2 /* WXJRUITests.xctest */,
			);
			name = Products;
			sourceTree = "<group>";
		};
		D95FD6D81D7580CF009CC8B2 /* WXJR */ = {
			isa = PBXGroup;
			children = (
				D909A4AF1D813E4000D4784A /* WXJR-Bridging-Header.h */,
				D909A4071D8015C900D4784A /* Images */,
				D909A3DF1D7ED9F900D4784A /* Invest */,
				D909A3CF1D7E708A00D4784A /* Main.storyboard */,
				D95FD7281D7676BC009CC8B2 /* Common */,
				D95FD7191D766DE2009CC8B2 /* Loan */,
				D95FD7101D7669F9009CC8B2 /* User */,
				D95FD70F1D7669BA009CC8B2 /* Libs */,
				D95FD6D91D7580CF009CC8B2 /* AppDelegate.swift */,
				D95FD7091D7664F2009CC8B2 /* WXRootViewController.swift */,
				D95FD6E21D7580CF009CC8B2 /* Assets.xcassets */,
				D95FD6E41D7580CF009CC8B2 /* LaunchScreen.storyboard */,
				D95FD6E71D7580CF009CC8B2 /* Info.plist */,
				D95FD70C1D7665EF009CC8B2 /* WXLoarnRecommendViewController.xib */,
				D95FD7311D768620009CC8B2 /* PrefixHeader.pch */,
			);
			path = WXJR;
			sourceTree = "<group>";
		};
		D95FD6EF1D7580CF009CC8B2 /* WXJRTests */ = {
			isa = PBXGroup;
			children = (
				D95FD6F01D7580CF009CC8B2 /* WXJRTests.swift */,
				D95FD6F21D7580CF009CC8B2 /* Info.plist */,
			);
			path = WXJRTests;
			sourceTree = "<group>";
		};
		D95FD6FA1D7580CF009CC8B2 /* WXJRUITests */ = {
			isa = PBXGroup;
			children = (
				D95FD6FB1D7580CF009CC8B2 /* WXJRUITests.swift */,
				D95FD6FD1D7580CF009CC8B2 /* Info.plist */,
			);
			path = WXJRUITests;
			sourceTree = "<group>";
		};
		D95FD70F1D7669BA009CC8B2 /* Libs */ = {
			isa = PBXGroup;
			children = (
				D909A4DB1D8FCA6800D4784A /* BTNavigationDropdownMenu */,
				D909A3C21D7E69F100D4784A /* AutoSlideScrollView */,
			);
			path = Libs;
			sourceTree = "<group>";
		};
		D95FD7101D7669F9009CC8B2 /* User */ = {
			isa = PBXGroup;
			children = (
				D909A4981D80F56900D4784A /* UserBankInfo */,
				D909A3FE1D80046E00D4784A /* UserCoupon */,
				D909A3ED1D7FE50D00D4784A /* UserFundInfo */,
				D909A3E41D7EDE5A00D4784A /* UserInfo */,
				D909A3D61D7EB51D00D4784A /* UserRootView */,
				D909A3B31D7D5D3700D4784A /* UserLogin */,
				D95FD7201D767153009CC8B2 /* UserModel */,
			);
			path = User;
			sourceTree = "<group>";
		};
		D95FD7191D766DE2009CC8B2 /* Loan */ = {
			isa = PBXGroup;
			children = (
				D909A4BF1D827DF700D4784A /* LoanModel */,
				D909A4B01D813E5600D4784A /* LoanList */,
				D909A4AE1D813E2000D4784A /* LoanDetail */,
			);
			name = Loan;
			path = Loarn;
			sourceTree = "<group>";
		};
		D95FD7201D767153009CC8B2 /* UserModel */ = {
			isa = PBXGroup;
			children = (
				D909A4CA1D88F85200D4784A /* UserFund */,
				D909A4C41D88D9F500D4784A /* WXAccountModel.swift */,
				D909A4C61D88DA0C00D4784A /* WXAccountManager.swift */,
				D95FD7211D767153009CC8B2 /* UserManager */,
			);
			path = UserModel;
			sourceTree = "<group>";
		};
		D95FD7211D767153009CC8B2 /* UserManager */ = {
			isa = PBXGroup;
			children = (
				D95FD7221D7674A7009CC8B2 /* WXUserManager.swift */,
				D909A4C81D88DF2500D4784A /* WXUserDetail.swift */,
			);
			path = UserManager;
			sourceTree = "<group>";
		};
		D95FD7281D7676BC009CC8B2 /* Common */ = {
			isa = PBXGroup;
			children = (
				D95FD7291D7676BC009CC8B2 /* NetworkingAPI */,
				D909A3B11D7D4F7C00D4784A /* Constants.swift */,
			);
			name = Common;
			path = CommonApi;
			sourceTree = "<group>";
		};
		D95FD7291D7676BC009CC8B2 /* NetworkingAPI */ = {
			isa = PBXGroup;
			children = (
				D95FD72D1D768057009CC8B2 /* WXNetworkingAPI.h */,
				D95FD72E1D768057009CC8B2 /* WXNetworkingAPI.m */,
				D95FD7301D7685D5009CC8B2 /* NetworkingConstants.h */,
			);
			path = NetworkingAPI;
			sourceTree = "<group>";
		};
/* End PBXGroup section */

/* Begin PBXNativeTarget section */
		D95FD6D51D7580CF009CC8B2 /* WXJR */ = {
			isa = PBXNativeTarget;
			buildConfigurationList = D95FD7001D7580CF009CC8B2 /* Build configuration list for PBXNativeTarget "WXJR" */;
			buildPhases = (
				790D9621FDAEF3AA4211657B /* Check Pods Manifest.lock */,
				D95FD6D21D7580CF009CC8B2 /* Sources */,
				D95FD6D31D7580CF009CC8B2 /* Frameworks */,
				D95FD6D41D7580CF009CC8B2 /* Resources */,
				C63DD2E0C37CE0738D3CB3C2 /* Embed Pods Frameworks */,
				2915CE37BE2BBB8C9F518F72 /* Copy Pods Resources */,
			);
			buildRules = (
			);
			dependencies = (
			);
			name = WXJR;
			productName = WXJR;
			productReference = D95FD6D61D7580CF009CC8B2 /* WXJR.app */;
			productType = "com.apple.product-type.application";
		};
		D95FD6EB1D7580CF009CC8B2 /* WXJRTests */ = {
			isa = PBXNativeTarget;
			buildConfigurationList = D95FD7031D7580CF009CC8B2 /* Build configuration list for PBXNativeTarget "WXJRTests" */;
			buildPhases = (
				D95FD6E81D7580CF009CC8B2 /* Sources */,
				D95FD6E91D7580CF009CC8B2 /* Frameworks */,
				D95FD6EA1D7580CF009CC8B2 /* Resources */,
			);
			buildRules = (
			);
			dependencies = (
				D95FD6EE1D7580CF009CC8B2 /* PBXTargetDependency */,
			);
			name = WXJRTests;
			productName = WXJRTests;
			productReference = D95FD6EC1D7580CF009CC8B2 /* WXJRTests.xctest */;
			productType = "com.apple.product-type.bundle.unit-test";
		};
		D95FD6F61D7580CF009CC8B2 /* WXJRUITests */ = {
			isa = PBXNativeTarget;
			buildConfigurationList = D95FD7061D7580CF009CC8B2 /* Build configuration list for PBXNativeTarget "WXJRUITests" */;
			buildPhases = (
				D95FD6F31D7580CF009CC8B2 /* Sources */,
				D95FD6F41D7580CF009CC8B2 /* Frameworks */,
				D95FD6F51D7580CF009CC8B2 /* Resources */,
			);
			buildRules = (
			);
			dependencies = (
				D95FD6F91D7580CF009CC8B2 /* PBXTargetDependency */,
			);
			name = WXJRUITests;
			productName = WXJRUITests;
			productReference = D95FD6F71D7580CF009CC8B2 /* WXJRUITests.xctest */;
			productType = "com.apple.product-type.bundle.ui-testing";
		};
/* End PBXNativeTarget section */

/* Begin PBXProject section */
		D95FD6CE1D7580CF009CC8B2 /* Project object */ = {
			isa = PBXProject;
			attributes = {
				LastSwiftUpdateCheck = 0730;
				LastUpgradeCheck = 0730;
				ORGANIZATIONNAME = com.wxjr;
				TargetAttributes = {
					D95FD6D51D7580CF009CC8B2 = {
						CreatedOnToolsVersion = 7.3.1;
					};
					D95FD6EB1D7580CF009CC8B2 = {
						CreatedOnToolsVersion = 7.3.1;
						TestTargetID = D95FD6D51D7580CF009CC8B2;
					};
					D95FD6F61D7580CF009CC8B2 = {
						CreatedOnToolsVersion = 7.3.1;
						TestTargetID = D95FD6D51D7580CF009CC8B2;
					};
				};
			};
			buildConfigurationList = D95FD6D11D7580CF009CC8B2 /* Build configuration list for PBXProject "WXJR" */;
			compatibilityVersion = "Xcode 3.2";
			developmentRegion = English;
			hasScannedForEncodings = 0;
			knownRegions = (
				en,
				Base,
			);
			mainGroup = D95FD6CD1D7580CF009CC8B2;
			productRefGroup = D95FD6D71D7580CF009CC8B2 /* Products */;
			projectDirPath = "";
			projectRoot = "";
			targets = (
				D95FD6D51D7580CF009CC8B2 /* WXJR */,
				D95FD6EB1D7580CF009CC8B2 /* WXJRTests */,
				D95FD6F61D7580CF009CC8B2 /* WXJRUITests */,
			);
		};
/* End PBXProject section */

/* Begin PBXResourcesBuildPhase section */
		D95FD6D41D7580CF009CC8B2 /* Resources */ = {
			isa = PBXResourcesBuildPhase;
			buildActionMask = 2147483647;
			files = (
				D909A48C1D8015E500D4784A /* zjb.png in Resources */,
				D909A4751D8015E500D4784A /* jnb.png in Resources */,
				D909A4DE1D8FCA6900D4784A /* BTNavigationDropdownMenu.bundle in Resources */,
				D909A4571D8015E500D4784A /* bsb.png in Resources */,
				D909A3CE1D7E69F100D4784A /* AutoSlideScrollView.bundle in Resources */,
				D909A47F1D8015E500D4784A /* pt.png in Resources */,
				D909A3D11D7E708A00D4784A /* Main.storyboard in Resources */,
				D909A3E81D7EDEAF00D4784A /* WXUserFundsTrusteeshipInfoViewController.xib in Resources */,
				D909A4831D8015E500D4784A /* SPDB.png in Resources */,
				D909A3DA1D7EB51D00D4784A /* WXMineRootViewController.xib in Resources */,
				D909A4021D80048B00D4784A /* WXUserCouponListViewController.xib in Resources */,
				D909A44F1D8015E500D4784A /* ar.png in Resources */,
				D909A46E1D8015E500D4784A /* HKBEA.png in Resources */,
				D95FD6E61D7580CF009CC8B2 /* LaunchScreen.storyboard in Resources */,
				D909A4801D8015E500D4784A /* sc.png in Resources */,
				D909A3DE1D7ED27D00D4784A /* WXMineHomeTableViewCell.xib in Resources */,
				D909A47E1D8015E500D4784A /* PSBC.png in Resources */,
				D909A4631D8015E500D4784A /* cqrcb.png in Resources */,
				D909A45D1D8015E500D4784A /* CIB.png in Resources */,
				D909A4841D8015E500D4784A /* SRCB.png in Resources */,
				D909A4551D8015E500D4784A /* BOS.png in Resources */,
				D909A4661D8015E500D4784A /* dlb.png in Resources */,
				D909A3C11D7D5E9B00D4784A /* WXInviteCodeViewController.xib in Resources */,
				D909A45F1D8015E500D4784A /* CMB.png in Resources */,
				D909A45E1D8015E500D4784A /* citibank.png in Resources */,
				D909A4601D8015E500D4784A /* CMBC.png in Resources */,
				D909A4871D8015E500D4784A /* tjb.png in Resources */,
				D909A4BE1D813E6C00D4784A /* WXLoanDetailViewController.xib in Resources */,
				D909A48A1D8015E500D4784A /* wechat.png in Resources */,
				D909A4611D8015E500D4784A /* CITIC.png in Resources */,
				D95FD6E31D7580CF009CC8B2 /* Assets.xcassets in Resources */,
				D909A4741D8015E500D4784A /* jlb.png in Resources */,
				D909A4A01D80F56900D4784A /* WXUserBankInfoViewController.xib in Resources */,
				D909A3EC1D7FBCA900D4784A /* WXUserInvestRecordTableViewCell.xib in Resources */,
				D909A47D1D8015E500D4784A /* PINGAN.png in Resources */,
				D909A4541D8015E500D4784A /* BOCD.png in Resources */,
				D909A4511D8015E500D4784A /* bjrcb.png in Resources */,
				D909A44E1D8015E500D4784A /* ap.png in Resources */,
				D909A4B71D813E5600D4784A /* WXLoanListTableViewCell.xib in Resources */,
				D909A4521D8015E500D4784A /* BCCB.png in Resources */,
				D909A4A81D80F5F800D4784A /* banner3.jpeg in Resources */,
				D909A4891D8015E500D4784A /* unknown.png in Resources */,
				D909A44C1D8015E500D4784A /* ABC.png in Resources */,
				D909A4A91D80F5F800D4784A /* banner4.jpeg in Resources */,
				D909A4711D8015E500D4784A /* HXB.png in Resources */,
				D909A4641D8015E500D4784A /* customaccount.png in Resources */,
				D909A3D51D7E960800D4784A /* WXCheckUserPhoneViewController.xib in Resources */,
				D909A4501D8015E500D4784A /* BOCOM.png in Resources */,
				D909A4A61D80F5F800D4784A /* banner1.jpeg in Resources */,
				D909A4781D8015E500D4784A /* meal.png in Resources */,
				D909A3F91D7FFB0300D4784A /* WXUserInfoViewController.xib in Resources */,
				D909A4811D8015E500D4784A /* shopping.png in Resources */,
				D909A46C1D8015E500D4784A /* gzcb.png in Resources */,
				D909A4A71D80F5F800D4784A /* banner2.jpeg in Resources */,
				D909A4B91D813E5600D4784A /* WXLoanListViewController.xib in Resources */,
				D909A4671D8015E500D4784A /* dongguan.png in Resources */,
				D909A3E31D7EDA1F00D4784A /* WXUserInvestRecordViewController.xib in Resources */,
				D909A47C1D8015E500D4784A /* no_register.png in Resources */,
				D909A3BD1D7D5DAE00D4784A /* WXUserSignupViewController.xib in Resources */,
				D909A4621D8015E500D4784A /* cqcb.png in Resources */,
				D909A49E1D80F56900D4784A /* WXUserBankInfoTableViewCell.xib in Resources */,
				D909A4531D8015E500D4784A /* BOC.png in Resources */,
				D909A47A1D8015E500D4784A /* neteasepay.png in Resources */,
				D909A4731D8015E500D4784A /* investment.png in Resources */,
				D909A4651D8015E500D4784A /* CZB.png in Resources */,
				D909A4821D8015E500D4784A /* sjb.png in Resources */,
				D909A46B1D8015E500D4784A /* grcb.png in Resources */,
				D909A4881D8015E500D4784A /* unionpay.png in Resources */,
				D909A4581D8015E500D4784A /* cash.png in Resources */,
				D909A4691D8015E500D4784A /* fudian.png in Resources */,
				D909A4561D8015E500D4784A /* brbcb.png in Resources */,
				D909A4061D80050C00D4784A /* WXUserCouponTableViewCell.xib in Resources */,
				D909A44D1D8015E500D4784A /* alipay.png in Resources */,
				D909A4791D8015E500D4784A /* NBB.png in Resources */,
				D909A3F11D7FE53400D4784A /* WXUserFundRecordViewController.xib in Resources */,
				D909A48D1D8015E500D4784A /* 网络账户.png in Resources */,
				D909A46F1D8015E500D4784A /* hsb.png in Resources */,
				D909A4851D8015E500D4784A /* szrcb.png in Resources */,
				D909A47B1D8015E500D4784A /* NJCB.png in Resources */,
				D909A45B1D8015E500D4784A /* cdrcb.png in Resources */,
				D909A4701D8015E500D4784A /* hsbc.png in Resources */,
				D909A45A1D8015E500D4784A /* CCB.png in Resources */,
				D909A48B1D8015E500D4784A /* WZCB.png in Resources */,
				D95FD70E1D7665EF009CC8B2 /* WXLoarnRecommendViewController.xib in Resources */,
				D909A4771D8015E500D4784A /* klb.png in Resources */,
				D909A4591D8015E500D4784A /* CBHB.png in Resources */,
				D909A45C1D8015E500D4784A /* CEB.png in Resources */,
				D909A3FD1D7FFC8B00D4784A /* WXUserInfoDetailTableViewCell.xib in Resources */,
				D909A4761D8015E500D4784A /* jsb.png in Resources */,
				D909A3F51D7FE58600D4784A /* WXUserFundRecordTableViewCell.xib in Resources */,
				D909A46D1D8015E500D4784A /* hccb.png in Resources */,
				D909A4721D8015E500D4784A /* ICBC.png in Resources */,
				D909A4681D8015E500D4784A /* egb.png in Resources */,
				D909A3B71D7D5D3700D4784A /* WXUserLoginViewController.xib in Resources */,
				D909A4861D8015E500D4784A /* tenpay.png in Resources */,
				D909A48E1D8015E500D4784A /* 记账图标52px-mizha副本_73.png in Resources */,
				D909A46A1D8015E500D4784A /* GDB.png in Resources */,
			);
			runOnlyForDeploymentPostprocessing = 0;
		};
		D95FD6EA1D7580CF009CC8B2 /* Resources */ = {
			isa = PBXResourcesBuildPhase;
			buildActionMask = 2147483647;
			files = (
			);
			runOnlyForDeploymentPostprocessing = 0;
		};
		D95FD6F51D7580CF009CC8B2 /* Resources */ = {
			isa = PBXResourcesBuildPhase;
			buildActionMask = 2147483647;
			files = (
			);
			runOnlyForDeploymentPostprocessing = 0;
		};
/* End PBXResourcesBuildPhase section */

/* Begin PBXShellScriptBuildPhase section */
		2915CE37BE2BBB8C9F518F72 /* Copy Pods Resources */ = {
			isa = PBXShellScriptBuildPhase;
			buildActionMask = 2147483647;
			files = (
			);
			inputPaths = (
			);
			name = "Copy Pods Resources";
			outputPaths = (
			);
			runOnlyForDeploymentPostprocessing = 0;
			shellPath = /bin/sh;
			shellScript = "\"${SRCROOT}/Pods/Target Support Files/Pods/Pods-resources.sh\"\n";
			showEnvVarsInLog = 0;
		};
		790D9621FDAEF3AA4211657B /* Check Pods Manifest.lock */ = {
			isa = PBXShellScriptBuildPhase;
			buildActionMask = 2147483647;
			files = (
			);
			inputPaths = (
			);
			name = "Check Pods Manifest.lock";
			outputPaths = (
			);
			runOnlyForDeploymentPostprocessing = 0;
			shellPath = /bin/sh;
			shellScript = "diff \"${PODS_ROOT}/../Podfile.lock\" \"${PODS_ROOT}/Manifest.lock\" > /dev/null\nif [[ $? != 0 ]] ; then\n    cat << EOM\nerror: The sandbox is not in sync with the Podfile.lock. Run 'pod install' or update your CocoaPods installation.\nEOM\n    exit 1\nfi\n";
			showEnvVarsInLog = 0;
		};
		C63DD2E0C37CE0738D3CB3C2 /* Embed Pods Frameworks */ = {
			isa = PBXShellScriptBuildPhase;
			buildActionMask = 2147483647;
			files = (
			);
			inputPaths = (
			);
			name = "Embed Pods Frameworks";
			outputPaths = (
			);
			runOnlyForDeploymentPostprocessing = 0;
			shellPath = /bin/sh;
			shellScript = "\"${SRCROOT}/Pods/Target Support Files/Pods/Pods-frameworks.sh\"\n";
			showEnvVarsInLog = 0;
		};
/* End PBXShellScriptBuildPhase section */

/* Begin PBXSourcesBuildPhase section */
		D95FD6D21D7580CF009CC8B2 /* Sources */ = {
			isa = PBXSourcesBuildPhase;
			buildActionMask = 2147483647;
			files = (
				D909A4CC1D88F86700D4784A /* WXUserFundDetail.swift in Sources */,
				D909A3E21D7EDA1F00D4784A /* WXUserInvestRecordViewController.swift in Sources */,
				D909A49D1D80F56900D4784A /* WXUserBankInfoTableViewCell.swift in Sources */,
				D909A3BC1D7D5DAE00D4784A /* WXUserSignupViewController.swift in Sources */,
				D909A3FC1D7FFC8B00D4784A /* WXUserInfoDetailTableViewCell.swift in Sources */,
				D909A4BA1D813E5600D4784A /* WXLoanRecommendViewController.swift in Sources */,
				D909A3F81D7FFB0300D4784A /* WXUserInfoViewController.swift in Sources */,
				D909A3D91D7EB51D00D4784A /* WXMineRootViewController.swift in Sources */,
				D909A3F41D7FE58600D4784A /* WXUserFundRecordTableViewCell.swift in Sources */,
				D95FD6DA1D7580CF009CC8B2 /* AppDelegate.swift in Sources */,
				D95FD72F1D768057009CC8B2 /* WXNetworkingAPI.m in Sources */,
				D909A3CD1D7E69F100D4784A /* NSTimer+Addition.m in Sources */,
				D909A3C01D7D5E9B00D4784A /* WXInviteCodeViewController.swift in Sources */,
				D909A4011D80048B00D4784A /* WXUserCouponListViewController.swift in Sources */,
				D909A4C71D88DA0C00D4784A /* WXAccountManager.swift in Sources */,
				D909A4D11D8E3B5100D4784A /* WXInvestModel.swift in Sources */,
				D909A4C11D8290CA00D4784A /* WXLoanDetailModel.swift in Sources */,
				D95FD7231D7674A7009CC8B2 /* WXUserManager.swift in Sources */,
				D909A49F1D80F56900D4784A /* WXUserBankInfoViewController.swift in Sources */,
				D909A3CB1D7E69F100D4784A /* AutoSlideScrollView.m in Sources */,
				D909A4B81D813E5600D4784A /* WXLoanListViewController.swift in Sources */,
				D95FD70A1D7664F2009CC8B2 /* WXRootViewController.swift in Sources */,
				D909A4CE1D88FB7700D4784A /* WXUserInvestDetail.swift in Sources */,
				D909A3F01D7FE53400D4784A /* WXUserFundRecordViewController.swift in Sources */,
				D909A4D31D8E80FF00D4784A /* WXRepaymentsModel.swift in Sources */,
				D909A3E71D7EDEAF00D4784A /* WXUserFundsTrusteeshipInfoViewController.swift in Sources */,
				D909A3B21D7D4F7C00D4784A /* Constants.swift in Sources */,
				D909A3DD1D7ED27D00D4784A /* WXMineHomeTableViewCell.swift in Sources */,
				D909A4B61D813E5600D4784A /* WXLoanListTableViewCell.swift in Sources */,
				D909A4D81D8FB1FC00D4784A /* WXUserBankInfo.swift in Sources */,
				D909A3EB1D7FBCA900D4784A /* WXUserInvestRecordTableViewCell.swift in Sources */,
				D909A3D41D7E960800D4784A /* WXCheckUserPhoneViewController.swift in Sources */,
				D909A3B61D7D5D3700D4784A /* WXUserLoginViewController.swift in Sources */,
				D909A4DA1D8FC2EC00D4784A /* WXUserCouponModel.swift in Sources */,
				D909A4C91D88DF2500D4784A /* WXUserDetail.swift in Sources */,
				D909A3CC1D7E69F100D4784A /* MyPageControl.m in Sources */,
				D909A4D61D8E973300D4784A /* WXUserFundRecordModel.swift in Sources */,
				D909A4DF1D8FCA6900D4784A /* BTNavigationDropdownMenu.swift in Sources */,
				D909A4C51D88D9F500D4784A /* WXAccountModel.swift in Sources */,
				D909A4BD1D813E6C00D4784A /* WXLoanDetailViewController.swift in Sources */,
				D909A4C31D82B1E500D4784A /* WXLoanManager.swift in Sources */,
				D909A4051D80050C00D4784A /* WXUserCouponTableViewCell.swift in Sources */,
			);
			runOnlyForDeploymentPostprocessing = 0;
		};
		D95FD6E81D7580CF009CC8B2 /* Sources */ = {
			isa = PBXSourcesBuildPhase;
			buildActionMask = 2147483647;
			files = (
				D95FD6F11D7580CF009CC8B2 /* WXJRTests.swift in Sources */,
			);
			runOnlyForDeploymentPostprocessing = 0;
		};
		D95FD6F31D7580CF009CC8B2 /* Sources */ = {
			isa = PBXSourcesBuildPhase;
			buildActionMask = 2147483647;
			files = (
				D95FD6FC1D7580CF009CC8B2 /* WXJRUITests.swift in Sources */,
			);
			runOnlyForDeploymentPostprocessing = 0;
		};
/* End PBXSourcesBuildPhase section */

/* Begin PBXTargetDependency section */
		D95FD6EE1D7580CF009CC8B2 /* PBXTargetDependency */ = {
			isa = PBXTargetDependency;
			target = D95FD6D51D7580CF009CC8B2 /* WXJR */;
			targetProxy = D95FD6ED1D7580CF009CC8B2 /* PBXContainerItemProxy */;
		};
		D95FD6F91D7580CF009CC8B2 /* PBXTargetDependency */ = {
			isa = PBXTargetDependency;
			target = D95FD6D51D7580CF009CC8B2 /* WXJR */;
			targetProxy = D95FD6F81D7580CF009CC8B2 /* PBXContainerItemProxy */;
		};
/* End PBXTargetDependency section */

/* Begin PBXVariantGroup section */
		D909A3CF1D7E708A00D4784A /* Main.storyboard */ = {
			isa = PBXVariantGroup;
			children = (
				D909A3D01D7E708A00D4784A /* Base */,
			);
			name = Main.storyboard;
			sourceTree = "<group>";
		};
		D95FD6E41D7580CF009CC8B2 /* LaunchScreen.storyboard */ = {
			isa = PBXVariantGroup;
			children = (
				D95FD6E51D7580CF009CC8B2 /* Base */,
			);
			name = LaunchScreen.storyboard;
			sourceTree = "<group>";
		};
/* End PBXVariantGroup section */

/* Begin XCBuildConfiguration section */
		D95FD6FE1D7580CF009CC8B2 /* Debug */ = {
			isa = XCBuildConfiguration;
			buildSettings = {
				ALWAYS_SEARCH_USER_PATHS = NO;
				CLANG_ANALYZER_NONNULL = YES;
				CLANG_CXX_LANGUAGE_STANDARD = "gnu++0x";
				CLANG_CXX_LIBRARY = "libc++";
				CLANG_ENABLE_MODULES = YES;
				CLANG_ENABLE_OBJC_ARC = YES;
				CLANG_WARN_BOOL_CONVERSION = YES;
				CLANG_WARN_CONSTANT_CONVERSION = YES;
				CLANG_WARN_DIRECT_OBJC_ISA_USAGE = YES_ERROR;
				CLANG_WARN_EMPTY_BODY = YES;
				CLANG_WARN_ENUM_CONVERSION = YES;
				CLANG_WARN_INT_CONVERSION = YES;
				CLANG_WARN_OBJC_ROOT_CLASS = YES_ERROR;
				CLANG_WARN_UNREACHABLE_CODE = YES;
				CLANG_WARN__DUPLICATE_METHOD_MATCH = YES;
				"CODE_SIGN_IDENTITY[sdk=iphoneos*]" = "iPhone Developer";
				COPY_PHASE_STRIP = NO;
				DEBUG_INFORMATION_FORMAT = dwarf;
				ENABLE_STRICT_OBJC_MSGSEND = YES;
				ENABLE_TESTABILITY = YES;
				GCC_C_LANGUAGE_STANDARD = gnu99;
				GCC_DYNAMIC_NO_PIC = NO;
				GCC_NO_COMMON_BLOCKS = YES;
				GCC_OPTIMIZATION_LEVEL = 0;
				GCC_PREPROCESSOR_DEFINITIONS = (
					"DEBUG=1",
					"$(inherited)",
				);
				GCC_WARN_64_TO_32_BIT_CONVERSION = YES;
				GCC_WARN_ABOUT_RETURN_TYPE = YES_ERROR;
				GCC_WARN_UNDECLARED_SELECTOR = YES;
				GCC_WARN_UNINITIALIZED_AUTOS = YES_AGGRESSIVE;
				GCC_WARN_UNUSED_FUNCTION = YES;
				GCC_WARN_UNUSED_VARIABLE = YES;
				IPHONEOS_DEPLOYMENT_TARGET = 9.3;
				MTL_ENABLE_DEBUG_INFO = YES;
				ONLY_ACTIVE_ARCH = YES;
				SDKROOT = iphoneos;
				SWIFT_OPTIMIZATION_LEVEL = "-Onone";
			};
			name = Debug;
		};
		D95FD6FF1D7580CF009CC8B2 /* Release */ = {
			isa = XCBuildConfiguration;
			buildSettings = {
				ALWAYS_SEARCH_USER_PATHS = NO;
				CLANG_ANALYZER_NONNULL = YES;
				CLANG_CXX_LANGUAGE_STANDARD = "gnu++0x";
				CLANG_CXX_LIBRARY = "libc++";
				CLANG_ENABLE_MODULES = YES;
				CLANG_ENABLE_OBJC_ARC = YES;
				CLANG_WARN_BOOL_CONVERSION = YES;
				CLANG_WARN_CONSTANT_CONVERSION = YES;
				CLANG_WARN_DIRECT_OBJC_ISA_USAGE = YES_ERROR;
				CLANG_WARN_EMPTY_BODY = YES;
				CLANG_WARN_ENUM_CONVERSION = YES;
				CLANG_WARN_INT_CONVERSION = YES;
				CLANG_WARN_OBJC_ROOT_CLASS = YES_ERROR;
				CLANG_WARN_UNREACHABLE_CODE = YES;
				CLANG_WARN__DUPLICATE_METHOD_MATCH = YES;
				"CODE_SIGN_IDENTITY[sdk=iphoneos*]" = "iPhone Developer";
				COPY_PHASE_STRIP = NO;
				DEBUG_INFORMATION_FORMAT = "dwarf-with-dsym";
				ENABLE_NS_ASSERTIONS = NO;
				ENABLE_STRICT_OBJC_MSGSEND = YES;
				GCC_C_LANGUAGE_STANDARD = gnu99;
				GCC_NO_COMMON_BLOCKS = YES;
				GCC_WARN_64_TO_32_BIT_CONVERSION = YES;
				GCC_WARN_ABOUT_RETURN_TYPE = YES_ERROR;
				GCC_WARN_UNDECLARED_SELECTOR = YES;
				GCC_WARN_UNINITIALIZED_AUTOS = YES_AGGRESSIVE;
				GCC_WARN_UNUSED_FUNCTION = YES;
				GCC_WARN_UNUSED_VARIABLE = YES;
				IPHONEOS_DEPLOYMENT_TARGET = 9.3;
				MTL_ENABLE_DEBUG_INFO = NO;
				SDKROOT = iphoneos;
				VALIDATE_PRODUCT = YES;
			};
			name = Release;
		};
		D95FD7011D7580CF009CC8B2 /* Debug */ = {
			isa = XCBuildConfiguration;
			baseConfigurationReference = D12E92565FE14761E0F6184B /* Pods.debug.xcconfig */;
			buildSettings = {
				ASSETCATALOG_COMPILER_APPICON_NAME = AppIcon;
				CLANG_ENABLE_MODULES = YES;
				INFOPLIST_FILE = WXJR/Info.plist;
				IPHONEOS_DEPLOYMENT_TARGET = 7.0;
				LD_RUNPATH_SEARCH_PATHS = "$(inherited) @executable_path/Frameworks";
				PRODUCT_BUNDLE_IDENTIFIER = com.lps.wxjr.WXJR;
				PRODUCT_NAME = "$(TARGET_NAME)";
				SWIFT_OBJC_BRIDGING_HEADER = "WXJR/WXJR-Bridging-Header.h";
				SWIFT_OPTIMIZATION_LEVEL = "-Onone";
			};
			name = Debug;
		};
		D95FD7021D7580CF009CC8B2 /* Release */ = {
			isa = XCBuildConfiguration;
			baseConfigurationReference = D1B2E5940D28E187C83A7CE5 /* Pods.release.xcconfig */;
			buildSettings = {
				ASSETCATALOG_COMPILER_APPICON_NAME = AppIcon;
				CLANG_ENABLE_MODULES = YES;
				INFOPLIST_FILE = WXJR/Info.plist;
				IPHONEOS_DEPLOYMENT_TARGET = 7.0;
				LD_RUNPATH_SEARCH_PATHS = "$(inherited) @executable_path/Frameworks";
				PRODUCT_BUNDLE_IDENTIFIER = com.lps.wxjr.WXJR;
				PRODUCT_NAME = "$(TARGET_NAME)";
				SWIFT_OBJC_BRIDGING_HEADER = "WXJR/WXJR-Bridging-Header.h";
			};
			name = Release;
		};
		D95FD7041D7580CF009CC8B2 /* Debug */ = {
			isa = XCBuildConfiguration;
			buildSettings = {
				BUNDLE_LOADER = "$(TEST_HOST)";
				INFOPLIST_FILE = WXJRTests/Info.plist;
				LD_RUNPATH_SEARCH_PATHS = "$(inherited) @executable_path/Frameworks @loader_path/Frameworks";
				PRODUCT_BUNDLE_IDENTIFIER = com.lps.wxjr.WXJRTests;
				PRODUCT_NAME = "$(TARGET_NAME)";
				TEST_HOST = "$(BUILT_PRODUCTS_DIR)/WXJR.app/WXJR";
			};
			name = Debug;
		};
		D95FD7051D7580CF009CC8B2 /* Release */ = {
			isa = XCBuildConfiguration;
			buildSettings = {
				BUNDLE_LOADER = "$(TEST_HOST)";
				INFOPLIST_FILE = WXJRTests/Info.plist;
				LD_RUNPATH_SEARCH_PATHS = "$(inherited) @executable_path/Frameworks @loader_path/Frameworks";
				PRODUCT_BUNDLE_IDENTIFIER = com.lps.wxjr.WXJRTests;
				PRODUCT_NAME = "$(TARGET_NAME)";
				TEST_HOST = "$(BUILT_PRODUCTS_DIR)/WXJR.app/WXJR";
			};
			name = Release;
		};
		D95FD7071D7580CF009CC8B2 /* Debug */ = {
			isa = XCBuildConfiguration;
			buildSettings = {
				INFOPLIST_FILE = WXJRUITests/Info.plist;
				LD_RUNPATH_SEARCH_PATHS = "$(inherited) @executable_path/Frameworks @loader_path/Frameworks";
				PRODUCT_BUNDLE_IDENTIFIER = com.lps.wxjr.WXJRUITests;
				PRODUCT_NAME = "$(TARGET_NAME)";
				TEST_TARGET_NAME = WXJR;
			};
			name = Debug;
		};
		D95FD7081D7580CF009CC8B2 /* Release */ = {
			isa = XCBuildConfiguration;
			buildSettings = {
				INFOPLIST_FILE = WXJRUITests/Info.plist;
				LD_RUNPATH_SEARCH_PATHS = "$(inherited) @executable_path/Frameworks @loader_path/Frameworks";
				PRODUCT_BUNDLE_IDENTIFIER = com.lps.wxjr.WXJRUITests;
				PRODUCT_NAME = "$(TARGET_NAME)";
				TEST_TARGET_NAME = WXJR;
			};
			name = Release;
		};
/* End XCBuildConfiguration section */

/* Begin XCConfigurationList section */
		D95FD6D11D7580CF009CC8B2 /* Build configuration list for PBXProject "WXJR" */ = {
			isa = XCConfigurationList;
			buildConfigurations = (
				D95FD6FE1D7580CF009CC8B2 /* Debug */,
				D95FD6FF1D7580CF009CC8B2 /* Release */,
			);
			defaultConfigurationIsVisible = 0;
			defaultConfigurationName = Release;
		};
		D95FD7001D7580CF009CC8B2 /* Build configuration list for PBXNativeTarget "WXJR" */ = {
			isa = XCConfigurationList;
			buildConfigurations = (
				D95FD7011D7580CF009CC8B2 /* Debug */,
				D95FD7021D7580CF009CC8B2 /* Release */,
			);
			defaultConfigurationIsVisible = 0;
			defaultConfigurationName = Release;
		};
		D95FD7031D7580CF009CC8B2 /* Build configuration list for PBXNativeTarget "WXJRTests" */ = {
			isa = XCConfigurationList;
			buildConfigurations = (
				D95FD7041D7580CF009CC8B2 /* Debug */,
				D95FD7051D7580CF009CC8B2 /* Release */,
			);
			defaultConfigurationIsVisible = 0;
			defaultConfigurationName = Release;
		};
		D95FD7061D7580CF009CC8B2 /* Build configuration list for PBXNativeTarget "WXJRUITests" */ = {
			isa = XCConfigurationList;
			buildConfigurations = (
				D95FD7071D7580CF009CC8B2 /* Debug */,
				D95FD7081D7580CF009CC8B2 /* Release */,
			);
			defaultConfigurationIsVisible = 0;
			defaultConfigurationName = Release;
		};
/* End XCConfigurationList section */
	};
	rootObject = D95FD6CE1D7580CF009CC8B2 /* Project object */;
}
